// !$*UTF8*$!
{
	archiveVersion = 1;
	classes = {
	};
	objectVersion = 46;
	objects = {

/* Begin PBXBuildFile section */
		180CBDDC1F11269E006D2871 /* ExceptionUtils.m in Sources */ = {isa = PBXBuildFile; fileRef = 180CBDDB1F11269E006D2871 /* ExceptionUtils.m */; };
		180CBDE01F1126E0006D2871 /* SuspensionControl.m in Sources */ = {isa = PBXBuildFile; fileRef = 180CBDDF1F1126E0006D2871 /* SuspensionControl.m */; };
		1811B4691F98D7FB003A5847 /* FileItem.m in Sources */ = {isa = PBXBuildFile; fileRef = 1811B4681F98D7FB003A5847 /* FileItem.m */; };
		1811B46C1F990550003A5847 /* AppDelegate+NotificationExtension.m in Sources */ = {isa = PBXBuildFile; fileRef = 1811B46B1F990550003A5847 /* AppDelegate+NotificationExtension.m */; };
		1813E7A61F9B6ACF002C661E /* FileDownloadConst.m in Sources */ = {isa = PBXBuildFile; fileRef = 1813E79E1F9B6ACF002C661E /* FileDownloadConst.m */; };
		1813E7A71F9B6ACF002C661E /* FileDownloader.m in Sources */ = {isa = PBXBuildFile; fileRef = 1813E7A01F9B6ACF002C661E /* FileDownloader.m */; };
		1813E7A81F9B6ACF002C661E /* FileDownloaderSessionPrivateDelegate.m in Sources */ = {isa = PBXBuildFile; fileRef = 1813E7A21F9B6ACF002C661E /* FileDownloaderSessionPrivateDelegate.m */; };
		1813E7A91F9B6ACF002C661E /* FileDownloadProgress.m in Sources */ = {isa = PBXBuildFile; fileRef = 1813E7A41F9B6ACF002C661E /* FileDownloadProgress.m */; };
		1813E7AF1F9B6E74002C661E /* OSProgressView.m in Sources */ = {isa = PBXBuildFile; fileRef = 1813E7AC1F9B6E74002C661E /* OSProgressView.m */; };
		1813E7B01F9B6E74002C661E /* UINavigationController+OSProgressBar.m in Sources */ = {isa = PBXBuildFile; fileRef = 1813E7AE1F9B6E74002C661E /* UINavigationController+OSProgressBar.m */; };
		1819EFAF1EF2E29300208A20 /* BrowserViewController.xib in Resources */ = {isa = PBXBuildFile; fileRef = 1819EFAE1EF2E29300208A20 /* BrowserViewController.xib */; };
		1819EFB51EF2E3FE00208A20 /* UITextField+Blocks.m in Sources */ = {isa = PBXBuildFile; fileRef = 1819EFB41EF2E3FE00208A20 /* UITextField+Blocks.m */; };
		18300F7D1EEC57280035D6EE /* MBProgressHUD.m in Sources */ = {isa = PBXBuildFile; fileRef = 18300F731EEC57280035D6EE /* MBProgressHUD.m */; };
		18300F7E1EEC57280035D6EE /* NSObject+XYHUD.m in Sources */ = {isa = PBXBuildFile; fileRef = 18300F751EEC57280035D6EE /* NSObject+XYHUD.m */; };
		18300F7F1EEC57280035D6EE /* UIViewController+XYHUD.m in Sources */ = {isa = PBXBuildFile; fileRef = 18300F771EEC57280035D6EE /* UIViewController+XYHUD.m */; };
		18300F811EEC57280035D6EE /* NetworkTypeUtils.m in Sources */ = {isa = PBXBuildFile; fileRef = 18300F7C1EEC57280035D6EE /* NetworkTypeUtils.m */; };
		18300F851EEC57920035D6EE /* FileDownloadCell.m in Sources */ = {isa = PBXBuildFile; fileRef = 18300F831EEC57920035D6EE /* FileDownloadCell.m */; };
		18300FA71EECE79F0035D6EE /* MASCompositeConstraint.m in Sources */ = {isa = PBXBuildFile; fileRef = 18300F8F1EECE79F0035D6EE /* MASCompositeConstraint.m */; };
		18300FA81EECE79F0035D6EE /* MASConstraint.m in Sources */ = {isa = PBXBuildFile; fileRef = 18300F921EECE79F0035D6EE /* MASConstraint.m */; };
		18300FA91EECE79F0035D6EE /* MASConstraintMaker.m in Sources */ = {isa = PBXBuildFile; fileRef = 18300F941EECE79F0035D6EE /* MASConstraintMaker.m */; };
		18300FAA1EECE79F0035D6EE /* MASLayoutConstraint.m in Sources */ = {isa = PBXBuildFile; fileRef = 18300F961EECE79F0035D6EE /* MASLayoutConstraint.m */; };
		18300FAB1EECE79F0035D6EE /* MASViewAttribute.m in Sources */ = {isa = PBXBuildFile; fileRef = 18300F9A1EECE79F0035D6EE /* MASViewAttribute.m */; };
		18300FAC1EECE79F0035D6EE /* MASViewConstraint.m in Sources */ = {isa = PBXBuildFile; fileRef = 18300F9C1EECE79F0035D6EE /* MASViewConstraint.m */; };
		18300FAD1EECE79F0035D6EE /* NSArray+MASAdditions.m in Sources */ = {isa = PBXBuildFile; fileRef = 18300F9E1EECE79F0035D6EE /* NSArray+MASAdditions.m */; };
		18300FAE1EECE79F0035D6EE /* NSLayoutConstraint+MASDebugAdditions.m in Sources */ = {isa = PBXBuildFile; fileRef = 18300FA11EECE79F0035D6EE /* NSLayoutConstraint+MASDebugAdditions.m */; };
		18300FAF1EECE79F0035D6EE /* View+MASAdditions.m in Sources */ = {isa = PBXBuildFile; fileRef = 18300FA31EECE79F0035D6EE /* View+MASAdditions.m */; };
		18300FB01EECE79F0035D6EE /* ViewController+MASAdditions.m in Sources */ = {isa = PBXBuildFile; fileRef = 18300FA61EECE79F0035D6EE /* ViewController+MASAdditions.m */; };
		18300FCA1EED38820035D6EE /* FFCircularProgressView.m in Sources */ = {isa = PBXBuildFile; fileRef = 18300FC71EED38820035D6EE /* FFCircularProgressView.m */; };
		18300FCB1EED38820035D6EE /* UIColor+iOS7.m in Sources */ = {isa = PBXBuildFile; fileRef = 18300FC91EED38820035D6EE /* UIColor+iOS7.m */; };
		18517BC81EEBC86600B148C8 /* main.m in Sources */ = {isa = PBXBuildFile; fileRef = 18517BC71EEBC86600B148C8 /* main.m */; };
		18517BD31EEBC86600B148C8 /* Assets.xcassets in Resources */ = {isa = PBXBuildFile; fileRef = 18517BD21EEBC86600B148C8 /* Assets.xcassets */; };
		18517BD61EEBC86600B148C8 /* LaunchScreen.storyboard in Resources */ = {isa = PBXBuildFile; fileRef = 18517BD41EEBC86600B148C8 /* LaunchScreen.storyboard */; };
		18517BF51EEBCB2C00B148C8 /* AppDelegate.m in Sources */ = {isa = PBXBuildFile; fileRef = 18517BF11EEBCB2C00B148C8 /* AppDelegate.m */; };
		18517C221EEBD64800B148C8 /* AFHTTPSessionManager.m in Sources */ = {isa = PBXBuildFile; fileRef = 18517C161EEBD64800B148C8 /* AFHTTPSessionManager.m */; };
		18517C231EEBD64800B148C8 /* AFNetworkReachabilityManager.m in Sources */ = {isa = PBXBuildFile; fileRef = 18517C191EEBD64800B148C8 /* AFNetworkReachabilityManager.m */; };
		18517C241EEBD64800B148C8 /* AFSecurityPolicy.m in Sources */ = {isa = PBXBuildFile; fileRef = 18517C1B1EEBD64800B148C8 /* AFSecurityPolicy.m */; };
		18517C251EEBD64800B148C8 /* AFURLRequestSerialization.m in Sources */ = {isa = PBXBuildFile; fileRef = 18517C1D1EEBD64800B148C8 /* AFURLRequestSerialization.m */; };
		18517C261EEBD64800B148C8 /* AFURLResponseSerialization.m in Sources */ = {isa = PBXBuildFile; fileRef = 18517C1F1EEBD64800B148C8 /* AFURLResponseSerialization.m */; };
		18517C271EEBD64800B148C8 /* AFURLSessionManager.m in Sources */ = {isa = PBXBuildFile; fileRef = 18517C211EEBD64800B148C8 /* AFURLSessionManager.m */; };
		18517C381EEBD66A00B148C8 /* LICENSE.txt in Resources */ = {isa = PBXBuildFile; fileRef = 18517C291EEBD66A00B148C8 /* LICENSE.txt */; };
		18517C391EEBD66A00B148C8 /* README.markdown in Sources */ = {isa = PBXBuildFile; fileRef = 18517C2A1EEBD66A00B148C8 /* README.markdown */; };
		18517C3A1EEBD66A00B148C8 /* FMDatabase.m in Sources */ = {isa = PBXBuildFile; fileRef = 18517C2E1EEBD66A00B148C8 /* FMDatabase.m */; };
		18517C3B1EEBD66A00B148C8 /* FMDatabaseAdditions.m in Sources */ = {isa = PBXBuildFile; fileRef = 18517C301EEBD66A00B148C8 /* FMDatabaseAdditions.m */; };
		18517C3C1EEBD66A00B148C8 /* FMDatabasePool.m in Sources */ = {isa = PBXBuildFile; fileRef = 18517C321EEBD66A00B148C8 /* FMDatabasePool.m */; };
		18517C3D1EEBD66A00B148C8 /* FMDatabaseQueue.m in Sources */ = {isa = PBXBuildFile; fileRef = 18517C341EEBD66A00B148C8 /* FMDatabaseQueue.m */; };
		18517C3E1EEBD66A00B148C8 /* FMResultSet.m in Sources */ = {isa = PBXBuildFile; fileRef = 18517C371EEBD66A00B148C8 /* FMResultSet.m */; };
		18517C411EEBD67C00B148C8 /* libsqlite3.0.tbd in Frameworks */ = {isa = PBXBuildFile; fileRef = 18517C401EEBD67C00B148C8 /* libsqlite3.0.tbd */; };
		18517C461EEBD81D00B148C8 /* MainNavigationController.m in Sources */ = {isa = PBXBuildFile; fileRef = 18517C431EEBD81D00B148C8 /* MainNavigationController.m */; };
		18517C471EEBD81D00B148C8 /* MainTabBarController.m in Sources */ = {isa = PBXBuildFile; fileRef = 18517C451EEBD81D00B148C8 /* MainTabBarController.m */; };
		18517C561EEBD93800B148C8 /* BrowserViewController.m in Sources */ = {isa = PBXBuildFile; fileRef = 18517C551EEBD93800B148C8 /* BrowserViewController.m */; };
		18517C591EEBD95C00B148C8 /* FilesViewController.m in Sources */ = {isa = PBXBuildFile; fileRef = 18517C581EEBD95C00B148C8 /* FilesViewController.m */; };
		18517C5C1EEBD97500B148C8 /* DownloadsViewController.m in Sources */ = {isa = PBXBuildFile; fileRef = 18517C5B1EEBD97500B148C8 /* DownloadsViewController.m */; };
		18517C5F1EEBD98200B148C8 /* MoreViewController.m in Sources */ = {isa = PBXBuildFile; fileRef = 18517C5E1EEBD98200B148C8 /* MoreViewController.m */; };
		18517C641EEBDB3E00B148C8 /* UIImage+XYImage.m in Sources */ = {isa = PBXBuildFile; fileRef = 18517C631EEBDB3E00B148C8 /* UIImage+XYImage.m */; };
		18517C671EEBDDDB00B148C8 /* BaseViewController.m in Sources */ = {isa = PBXBuildFile; fileRef = 18517C661EEBDDDB00B148C8 /* BaseViewController.m */; };
		18517C741EEBE08700B148C8 /* UIScrollView+NoDataPlaceholder.m in Sources */ = {isa = PBXBuildFile; fileRef = 18517C711EEBE08700B148C8 /* UIScrollView+NoDataPlaceholder.m */; };
		18517C751EEBE08700B148C8 /* UITableView+NoDataPlaceholderExtend.m in Sources */ = {isa = PBXBuildFile; fileRef = 18517C731EEBE08700B148C8 /* UITableView+NoDataPlaceholderExtend.m */; };
		1871ACDA1EEEE2D900ABC452 /* NSString+FileDownloadsExtend.m in Sources */ = {isa = PBXBuildFile; fileRef = 1871ACD91EEEE2D900ABC452 /* NSString+FileDownloadsExtend.m */; };
		1871ACDD1EEEE55700ABC452 /* NSDate+Utilities.m in Sources */ = {isa = PBXBuildFile; fileRef = 1871ACDC1EEEE55700ABC452 /* NSDate+Utilities.m */; };
		1871ACF21EEEECBE00ABC452 /* FilesTableViewModel.m in Sources */ = {isa = PBXBuildFile; fileRef = 1871ACF11EEEECBE00ABC452 /* FilesTableViewModel.m */; };
		1871ACF51EEEEE8C00ABC452 /* DownloadsTableViewModel.m in Sources */ = {isa = PBXBuildFile; fileRef = 1871ACF41EEEEE8C00ABC452 /* DownloadsTableViewModel.m */; };
		1871AD0D1EEEF15100ABC452 /* BaseTableViewModel.m in Sources */ = {isa = PBXBuildFile; fileRef = 1871AD0C1EEEF15100ABC452 /* BaseTableViewModel.m */; };
		1871AD211EEEF76E00ABC452 /* NSObject+XYProperties.m in Sources */ = {isa = PBXBuildFile; fileRef = 1871AD101EEEF76E00ABC452 /* NSObject+XYProperties.m */; };
		1871AD221EEEF76E00ABC452 /* NSObject+XYRequest.m in Sources */ = {isa = PBXBuildFile; fileRef = 1871AD121EEEF76E00ABC452 /* NSObject+XYRequest.m */; };
		1871AD231EEEF76E00ABC452 /* UICollectionViewCell+XYConfigure.m in Sources */ = {isa = PBXBuildFile; fileRef = 1871AD141EEEF76E00ABC452 /* UICollectionViewCell+XYConfigure.m */; };
		1871AD241EEEF76E00ABC452 /* UITableViewCell+XYConfigure.m in Sources */ = {isa = PBXBuildFile; fileRef = 1871AD161EEEF76E00ABC452 /* UITableViewCell+XYConfigure.m */; };
		1871AD251EEEF76E00ABC452 /* UIView+XYConfigure.m in Sources */ = {isa = PBXBuildFile; fileRef = 1871AD181EEEF76E00ABC452 /* UIView+XYConfigure.m */; };
		1871AD261EEEF76E00ABC452 /* XYDBUtil.m in Sources */ = {isa = PBXBuildFile; fileRef = 1871AD1B1EEEF76E00ABC452 /* XYDBUtil.m */; };
		1871AD271EEEF76E00ABC452 /* XYNetworkRequest.m in Sources */ = {isa = PBXBuildFile; fileRef = 1871AD1D1EEEF76E00ABC452 /* XYNetworkRequest.m */; };
		18878A221EF01B87005C0185 /* XYImageBrowerView.m in Sources */ = {isa = PBXBuildFile; fileRef = 18878A1F1EF01B87005C0185 /* XYImageBrowerView.m */; };
		18878A231EF01B87005C0185 /* XYImageViewer.m in Sources */ = {isa = PBXBuildFile; fileRef = 18878A211EF01B87005C0185 /* XYImageViewer.m */; };
		18878A451EF022B6005C0185 /* LICENSE in Resources */ = {isa = PBXBuildFile; fileRef = 18878A251EF022B6005C0185 /* LICENSE */; };
		18878A461EF022B6005C0185 /* README.md in Sources */ = {isa = PBXBuildFile; fileRef = 18878A261EF022B6005C0185 /* README.md */; };
		18878A471EF022B6005C0185 /* NSData+ImageContentType.m in Sources */ = {isa = PBXBuildFile; fileRef = 18878A291EF022B6005C0185 /* NSData+ImageContentType.m */; };
		18878A481EF022B6005C0185 /* SDImageCache.m in Sources */ = {isa = PBXBuildFile; fileRef = 18878A2B1EF022B6005C0185 /* SDImageCache.m */; };
		18878A491EF022B6005C0185 /* SDWebImageCompat.m in Sources */ = {isa = PBXBuildFile; fileRef = 18878A2D1EF022B6005C0185 /* SDWebImageCompat.m */; };
		18878A4A1EF022B6005C0185 /* SDWebImageDecoder.m in Sources */ = {isa = PBXBuildFile; fileRef = 18878A2F1EF022B6005C0185 /* SDWebImageDecoder.m */; };
		18878A4B1EF022B6005C0185 /* SDWebImageDownloader.m in Sources */ = {isa = PBXBuildFile; fileRef = 18878A311EF022B6005C0185 /* SDWebImageDownloader.m */; };
		18878A4C1EF022B6005C0185 /* SDWebImageDownloaderOperation.m in Sources */ = {isa = PBXBuildFile; fileRef = 18878A331EF022B6005C0185 /* SDWebImageDownloaderOperation.m */; };
		18878A4D1EF022B6005C0185 /* SDWebImageManager.m in Sources */ = {isa = PBXBuildFile; fileRef = 18878A351EF022B6005C0185 /* SDWebImageManager.m */; };
		18878A4E1EF022B6005C0185 /* SDWebImagePrefetcher.m in Sources */ = {isa = PBXBuildFile; fileRef = 18878A381EF022B6005C0185 /* SDWebImagePrefetcher.m */; };
		18878A4F1EF022B6005C0185 /* UIButton+WebCache.m in Sources */ = {isa = PBXBuildFile; fileRef = 18878A3A1EF022B6005C0185 /* UIButton+WebCache.m */; };
		18878A501EF022B6005C0185 /* UIImage+GIF.m in Sources */ = {isa = PBXBuildFile; fileRef = 18878A3C1EF022B6005C0185 /* UIImage+GIF.m */; };
		18878A511EF022B6005C0185 /* UIImage+MultiFormat.m in Sources */ = {isa = PBXBuildFile; fileRef = 18878A3E1EF022B6005C0185 /* UIImage+MultiFormat.m */; };
		18878A521EF022B6005C0185 /* UIImageView+HighlightedWebCache.m in Sources */ = {isa = PBXBuildFile; fileRef = 18878A401EF022B6005C0185 /* UIImageView+HighlightedWebCache.m */; };
		18878A531EF022B6005C0185 /* UIImageView+WebCache.m in Sources */ = {isa = PBXBuildFile; fileRef = 18878A421EF022B6005C0185 /* UIImageView+WebCache.m */; };
		18878A541EF022B6005C0185 /* UIView+WebCacheOperation.m in Sources */ = {isa = PBXBuildFile; fileRef = 18878A441EF022B6005C0185 /* UIView+WebCacheOperation.m */; };
		18878A7B1EF030AF005C0185 /* UIButton+ClickBlock.m in Sources */ = {isa = PBXBuildFile; fileRef = 18878A7A1EF030AF005C0185 /* UIButton+ClickBlock.m */; };
		18878A811EF035DF005C0185 /* UIView+Extend.m in Sources */ = {isa = PBXBuildFile; fileRef = 18878A801EF035DF005C0185 /* UIView+Extend.m */; };
		18878A941EF03908005C0185 /* XYCutVideoController.m in Sources */ = {isa = PBXBuildFile; fileRef = 18878A851EF03907005C0185 /* XYCutVideoController.m */; };
		18878A951EF03908005C0185 /* XYCutVideoView.m in Sources */ = {isa = PBXBuildFile; fileRef = 18878A871EF03907005C0185 /* XYCutVideoView.m */; };
		18878A961EF03908005C0185 /* XYMenuView.m in Sources */ = {isa = PBXBuildFile; fileRef = 18878A891EF03907005C0185 /* XYMenuView.m */; };
		18878A971EF03908005C0185 /* XYVideoPlayerView.m in Sources */ = {isa = PBXBuildFile; fileRef = 18878A8B1EF03907005C0185 /* XYVideoPlayerView.m */; };
		18878A981EF03908005C0185 /* ICGRulerView.m in Sources */ = {isa = PBXBuildFile; fileRef = 18878A8E1EF03907005C0185 /* ICGRulerView.m */; };
		18878A991EF03908005C0185 /* ICGThumbView.m in Sources */ = {isa = PBXBuildFile; fileRef = 18878A901EF03907005C0185 /* ICGThumbView.m */; };
		18878A9A1EF03908005C0185 /* ICGVideoTrimmerView.m in Sources */ = {isa = PBXBuildFile; fileRef = 18878A931EF03908005C0185 /* ICGVideoTrimmerView.m */; };
		18878B261EF19EAC005C0185 /* UIApplication+ActivityIndicator.m in Sources */ = {isa = PBXBuildFile; fileRef = 18878B211EF19EAC005C0185 /* UIApplication+ActivityIndicator.m */; };
		18878B271EF19EAC005C0185 /* UIColor+Hex.m in Sources */ = {isa = PBXBuildFile; fileRef = 18878B231EF19EAC005C0185 /* UIColor+Hex.m */; };
		18878B281EF19EAC005C0185 /* UINavigationItem+MultipleItems.m in Sources */ = {isa = PBXBuildFile; fileRef = 18878B251EF19EAC005C0185 /* UINavigationItem+MultipleItems.m */; };
		18910A6C1F0D3472002BA292 /* PSPDFUIKitMainThreadGuard.m in Sources */ = {isa = PBXBuildFile; fileRef = 18910A6B1F0D3472002BA292 /* PSPDFUIKitMainThreadGuard.m */; };
		18DCFC451F263D8F00AC21CA /* FileDownloaderDelegate.m in Sources */ = {isa = PBXBuildFile; fileRef = 18DCFC401F263D8F00AC21CA /* FileDownloaderDelegate.m */; };
		18DCFC461F263D8F00AC21CA /* FileDownloaderManager.m in Sources */ = {isa = PBXBuildFile; fileRef = 18DCFC421F263D8F00AC21CA /* FileDownloaderManager.m */; };
/* End PBXBuildFile section */

/* Begin PBXFileReference section */
		180CBDDA1F11269E006D2871 /* ExceptionUtils.h */ = {isa = PBXFileReference; fileEncoding = 4; lastKnownFileType = sourcecode.c.h; path = ExceptionUtils.h; sourceTree = "<group>"; };
		180CBDDB1F11269E006D2871 /* ExceptionUtils.m */ = {isa = PBXFileReference; fileEncoding = 4; lastKnownFileType = sourcecode.c.objc; path = ExceptionUtils.m; sourceTree = "<group>"; };
		180CBDDE1F1126E0006D2871 /* SuspensionControl.h */ = {isa = PBXFileReference; fileEncoding = 4; lastKnownFileType = sourcecode.c.h; path = SuspensionControl.h; sourceTree = "<group>"; };
		180CBDDF1F1126E0006D2871 /* SuspensionControl.m */ = {isa = PBXFileReference; fileEncoding = 4; lastKnownFileType = sourcecode.c.objc; path = SuspensionControl.m; sourceTree = "<group>"; };
		1811B4671F98D7FB003A5847 /* FileItem.h */ = {isa = PBXFileReference; lastKnownFileType = sourcecode.c.h; path = FileItem.h; sourceTree = "<group>"; };
		1811B4681F98D7FB003A5847 /* FileItem.m */ = {isa = PBXFileReference; lastKnownFileType = sourcecode.c.objc; path = FileItem.m; sourceTree = "<group>"; };
		1811B46A1F990550003A5847 /* AppDelegate+NotificationExtension.h */ = {isa = PBXFileReference; lastKnownFileType = sourcecode.c.h; path = "AppDelegate+NotificationExtension.h"; sourceTree = "<group>"; };
		1811B46B1F990550003A5847 /* AppDelegate+NotificationExtension.m */ = {isa = PBXFileReference; lastKnownFileType = sourcecode.c.objc; path = "AppDelegate+NotificationExtension.m"; sourceTree = "<group>"; };
		1813E79D1F9B6ACF002C661E /* FileDownloadConst.h */ = {isa = PBXFileReference; fileEncoding = 4; lastKnownFileType = sourcecode.c.h; path = FileDownloadConst.h; sourceTree = "<group>"; };
		1813E79E1F9B6ACF002C661E /* FileDownloadConst.m */ = {isa = PBXFileReference; fileEncoding = 4; lastKnownFileType = sourcecode.c.objc; path = FileDownloadConst.m; sourceTree = "<group>"; };
		1813E79F1F9B6ACF002C661E /* FileDownloader.h */ = {isa = PBXFileReference; fileEncoding = 4; lastKnownFileType = sourcecode.c.h; path = FileDownloader.h; sourceTree = "<group>"; };
		1813E7A01F9B6ACF002C661E /* FileDownloader.m */ = {isa = PBXFileReference; fileEncoding = 4; lastKnownFileType = sourcecode.c.objc; path = FileDownloader.m; sourceTree = "<group>"; };
		1813E7A11F9B6ACF002C661E /* FileDownloaderSessionPrivateDelegate.h */ = {isa = PBXFileReference; fileEncoding = 4; lastKnownFileType = sourcecode.c.h; path = FileDownloaderSessionPrivateDelegate.h; sourceTree = "<group>"; };
		1813E7A21F9B6ACF002C661E /* FileDownloaderSessionPrivateDelegate.m */ = {isa = PBXFileReference; fileEncoding = 4; lastKnownFileType = sourcecode.c.objc; path = FileDownloaderSessionPrivateDelegate.m; sourceTree = "<group>"; };
		1813E7A31F9B6ACF002C661E /* FileDownloadProgress.h */ = {isa = PBXFileReference; fileEncoding = 4; lastKnownFileType = sourcecode.c.h; path = FileDownloadProgress.h; sourceTree = "<group>"; };
		1813E7A41F9B6ACF002C661E /* FileDownloadProgress.m */ = {isa = PBXFileReference; fileEncoding = 4; lastKnownFileType = sourcecode.c.objc; path = FileDownloadProgress.m; sourceTree = "<group>"; };
		1813E7A51F9B6ACF002C661E /* FileDownloadProtocol.h */ = {isa = PBXFileReference; fileEncoding = 4; lastKnownFileType = sourcecode.c.h; path = FileDownloadProtocol.h; sourceTree = "<group>"; };
		1813E7AB1F9B6E74002C661E /* OSProgressView.h */ = {isa = PBXFileReference; fileEncoding = 4; lastKnownFileType = sourcecode.c.h; path = OSProgressView.h; sourceTree = "<group>"; };
		1813E7AC1F9B6E74002C661E /* OSProgressView.m */ = {isa = PBXFileReference; fileEncoding = 4; lastKnownFileType = sourcecode.c.objc; path = OSProgressView.m; sourceTree = "<group>"; };
		1813E7AD1F9B6E74002C661E /* UINavigationController+OSProgressBar.h */ = {isa = PBXFileReference; fileEncoding = 4; lastKnownFileType = sourcecode.c.h; path = "UINavigationController+OSProgressBar.h"; sourceTree = "<group>"; };
		1813E7AE1F9B6E74002C661E /* UINavigationController+OSProgressBar.m */ = {isa = PBXFileReference; fileEncoding = 4; lastKnownFileType = sourcecode.c.objc; path = "UINavigationController+OSProgressBar.m"; sourceTree = "<group>"; };
		1819EFAE1EF2E29300208A20 /* BrowserViewController.xib */ = {isa = PBXFileReference; fileEncoding = 4; lastKnownFileType = file.xib; path = BrowserViewController.xib; sourceTree = "<group>"; };
		1819EFB31EF2E3FE00208A20 /* UITextField+Blocks.h */ = {isa = PBXFileReference; fileEncoding = 4; lastKnownFileType = sourcecode.c.h; path = "UITextField+Blocks.h"; sourceTree = "<group>"; };
		1819EFB41EF2E3FE00208A20 /* UITextField+Blocks.m */ = {isa = PBXFileReference; fileEncoding = 4; lastKnownFileType = sourcecode.c.objc; path = "UITextField+Blocks.m"; sourceTree = "<group>"; };
		18300F721EEC57280035D6EE /* MBProgressHUD.h */ = {isa = PBXFileReference; fileEncoding = 4; lastKnownFileType = sourcecode.c.h; path = MBProgressHUD.h; sourceTree = "<group>"; };
		18300F731EEC57280035D6EE /* MBProgressHUD.m */ = {isa = PBXFileReference; fileEncoding = 4; lastKnownFileType = sourcecode.c.objc; path = MBProgressHUD.m; sourceTree = "<group>"; };
		18300F741EEC57280035D6EE /* NSObject+XYHUD.h */ = {isa = PBXFileReference; fileEncoding = 4; lastKnownFileType = sourcecode.c.h; path = "NSObject+XYHUD.h"; sourceTree = "<group>"; };
		18300F751EEC57280035D6EE /* NSObject+XYHUD.m */ = {isa = PBXFileReference; fileEncoding = 4; lastKnownFileType = sourcecode.c.objc; path = "NSObject+XYHUD.m"; sourceTree = "<group>"; };
		18300F761EEC57280035D6EE /* UIViewController+XYHUD.h */ = {isa = PBXFileReference; fileEncoding = 4; lastKnownFileType = sourcecode.c.h; path = "UIViewController+XYHUD.h"; sourceTree = "<group>"; };
		18300F771EEC57280035D6EE /* UIViewController+XYHUD.m */ = {isa = PBXFileReference; fileEncoding = 4; lastKnownFileType = sourcecode.c.objc; path = "UIViewController+XYHUD.m"; sourceTree = "<group>"; };
		18300F7B1EEC57280035D6EE /* NetworkTypeUtils.h */ = {isa = PBXFileReference; fileEncoding = 4; lastKnownFileType = sourcecode.c.h; path = NetworkTypeUtils.h; sourceTree = "<group>"; };
		18300F7C1EEC57280035D6EE /* NetworkTypeUtils.m */ = {isa = PBXFileReference; fileEncoding = 4; lastKnownFileType = sourcecode.c.objc; path = NetworkTypeUtils.m; sourceTree = "<group>"; };
		18300F821EEC57920035D6EE /* FileDownloadCell.h */ = {isa = PBXFileReference; fileEncoding = 4; lastKnownFileType = sourcecode.c.h; path = FileDownloadCell.h; sourceTree = "<group>"; };
		18300F831EEC57920035D6EE /* FileDownloadCell.m */ = {isa = PBXFileReference; fileEncoding = 4; lastKnownFileType = sourcecode.c.objc; path = FileDownloadCell.m; sourceTree = "<group>"; };
		18300F8E1EECE79F0035D6EE /* MASCompositeConstraint.h */ = {isa = PBXFileReference; fileEncoding = 4; lastKnownFileType = sourcecode.c.h; path = MASCompositeConstraint.h; sourceTree = "<group>"; };
		18300F8F1EECE79F0035D6EE /* MASCompositeConstraint.m */ = {isa = PBXFileReference; fileEncoding = 4; lastKnownFileType = sourcecode.c.objc; path = MASCompositeConstraint.m; sourceTree = "<group>"; };
		18300F901EECE79F0035D6EE /* MASConstraint+Private.h */ = {isa = PBXFileReference; fileEncoding = 4; lastKnownFileType = sourcecode.c.h; path = "MASConstraint+Private.h"; sourceTree = "<group>"; };
		18300F911EECE79F0035D6EE /* MASConstraint.h */ = {isa = PBXFileReference; fileEncoding = 4; lastKnownFileType = sourcecode.c.h; path = MASConstraint.h; sourceTree = "<group>"; };
		18300F921EECE79F0035D6EE /* MASConstraint.m */ = {isa = PBXFileReference; fileEncoding = 4; lastKnownFileType = sourcecode.c.objc; path = MASConstraint.m; sourceTree = "<group>"; };
		18300F931EECE79F0035D6EE /* MASConstraintMaker.h */ = {isa = PBXFileReference; fileEncoding = 4; lastKnownFileType = sourcecode.c.h; path = MASConstraintMaker.h; sourceTree = "<group>"; };
		18300F941EECE79F0035D6EE /* MASConstraintMaker.m */ = {isa = PBXFileReference; fileEncoding = 4; lastKnownFileType = sourcecode.c.objc; path = MASConstraintMaker.m; sourceTree = "<group>"; };
		18300F951EECE79F0035D6EE /* MASLayoutConstraint.h */ = {isa = PBXFileReference; fileEncoding = 4; lastKnownFileType = sourcecode.c.h; path = MASLayoutConstraint.h; sourceTree = "<group>"; };
		18300F961EECE79F0035D6EE /* MASLayoutConstraint.m */ = {isa = PBXFileReference; fileEncoding = 4; lastKnownFileType = sourcecode.c.objc; path = MASLayoutConstraint.m; sourceTree = "<group>"; };
		18300F971EECE79F0035D6EE /* Masonry.h */ = {isa = PBXFileReference; fileEncoding = 4; lastKnownFileType = sourcecode.c.h; path = Masonry.h; sourceTree = "<group>"; };
		18300F981EECE79F0035D6EE /* MASUtilities.h */ = {isa = PBXFileReference; fileEncoding = 4; lastKnownFileType = sourcecode.c.h; path = MASUtilities.h; sourceTree = "<group>"; };
		18300F991EECE79F0035D6EE /* MASViewAttribute.h */ = {isa = PBXFileReference; fileEncoding = 4; lastKnownFileType = sourcecode.c.h; path = MASViewAttribute.h; sourceTree = "<group>"; };
		18300F9A1EECE79F0035D6EE /* MASViewAttribute.m */ = {isa = PBXFileReference; fileEncoding = 4; lastKnownFileType = sourcecode.c.objc; path = MASViewAttribute.m; sourceTree = "<group>"; };
		18300F9B1EECE79F0035D6EE /* MASViewConstraint.h */ = {isa = PBXFileReference; fileEncoding = 4; lastKnownFileType = sourcecode.c.h; path = MASViewConstraint.h; sourceTree = "<group>"; };
		18300F9C1EECE79F0035D6EE /* MASViewConstraint.m */ = {isa = PBXFileReference; fileEncoding = 4; lastKnownFileType = sourcecode.c.objc; path = MASViewConstraint.m; sourceTree = "<group>"; };
		18300F9D1EECE79F0035D6EE /* NSArray+MASAdditions.h */ = {isa = PBXFileReference; fileEncoding = 4; lastKnownFileType = sourcecode.c.h; path = "NSArray+MASAdditions.h"; sourceTree = "<group>"; };
		18300F9E1EECE79F0035D6EE /* NSArray+MASAdditions.m */ = {isa = PBXFileReference; fileEncoding = 4; lastKnownFileType = sourcecode.c.objc; path = "NSArray+MASAdditions.m"; sourceTree = "<group>"; };
		18300F9F1EECE79F0035D6EE /* NSArray+MASShorthandAdditions.h */ = {isa = PBXFileReference; fileEncoding = 4; lastKnownFileType = sourcecode.c.h; path = "NSArray+MASShorthandAdditions.h"; sourceTree = "<group>"; };
		18300FA01EECE79F0035D6EE /* NSLayoutConstraint+MASDebugAdditions.h */ = {isa = PBXFileReference; fileEncoding = 4; lastKnownFileType = sourcecode.c.h; path = "NSLayoutConstraint+MASDebugAdditions.h"; sourceTree = "<group>"; };
		18300FA11EECE79F0035D6EE /* NSLayoutConstraint+MASDebugAdditions.m */ = {isa = PBXFileReference; fileEncoding = 4; lastKnownFileType = sourcecode.c.objc; path = "NSLayoutConstraint+MASDebugAdditions.m"; sourceTree = "<group>"; };
		18300FA21EECE79F0035D6EE /* View+MASAdditions.h */ = {isa = PBXFileReference; fileEncoding = 4; lastKnownFileType = sourcecode.c.h; path = "View+MASAdditions.h"; sourceTree = "<group>"; };
		18300FA31EECE79F0035D6EE /* View+MASAdditions.m */ = {isa = PBXFileReference; fileEncoding = 4; lastKnownFileType = sourcecode.c.objc; path = "View+MASAdditions.m"; sourceTree = "<group>"; };
		18300FA41EECE79F0035D6EE /* View+MASShorthandAdditions.h */ = {isa = PBXFileReference; fileEncoding = 4; lastKnownFileType = sourcecode.c.h; path = "View+MASShorthandAdditions.h"; sourceTree = "<group>"; };
		18300FA51EECE79F0035D6EE /* ViewController+MASAdditions.h */ = {isa = PBXFileReference; fileEncoding = 4; lastKnownFileType = sourcecode.c.h; path = "ViewController+MASAdditions.h"; sourceTree = "<group>"; };
		18300FA61EECE79F0035D6EE /* ViewController+MASAdditions.m */ = {isa = PBXFileReference; fileEncoding = 4; lastKnownFileType = sourcecode.c.objc; path = "ViewController+MASAdditions.m"; sourceTree = "<group>"; };
		18300FC61EED38820035D6EE /* FFCircularProgressView.h */ = {isa = PBXFileReference; fileEncoding = 4; lastKnownFileType = sourcecode.c.h; path = FFCircularProgressView.h; sourceTree = "<group>"; };
		18300FC71EED38820035D6EE /* FFCircularProgressView.m */ = {isa = PBXFileReference; fileEncoding = 4; lastKnownFileType = sourcecode.c.objc; path = FFCircularProgressView.m; sourceTree = "<group>"; };
		18300FC81EED38820035D6EE /* UIColor+iOS7.h */ = {isa = PBXFileReference; fileEncoding = 4; lastKnownFileType = sourcecode.c.h; path = "UIColor+iOS7.h"; sourceTree = "<group>"; };
		18300FC91EED38820035D6EE /* UIColor+iOS7.m */ = {isa = PBXFileReference; fileEncoding = 4; lastKnownFileType = sourcecode.c.objc; path = "UIColor+iOS7.m"; sourceTree = "<group>"; };
		18517BC31EEBC86600B148C8 /* FileDownloader.app */ = {isa = PBXFileReference; explicitFileType = wrapper.application; includeInIndex = 0; path = FileDownloader.app; sourceTree = BUILT_PRODUCTS_DIR; };
		18517BC71EEBC86600B148C8 /* main.m */ = {isa = PBXFileReference; lastKnownFileType = sourcecode.c.objc; path = main.m; sourceTree = "<group>"; };
		18517BD21EEBC86600B148C8 /* Assets.xcassets */ = {isa = PBXFileReference; lastKnownFileType = folder.assetcatalog; path = Assets.xcassets; sourceTree = "<group>"; };
		18517BD51EEBC86600B148C8 /* Base */ = {isa = PBXFileReference; lastKnownFileType = file.storyboard; name = Base; path = Base.lproj/LaunchScreen.storyboard; sourceTree = "<group>"; };
		18517BD71EEBC86600B148C8 /* Info.plist */ = {isa = PBXFileReference; lastKnownFileType = text.plist.xml; path = Info.plist; sourceTree = "<group>"; };
		18517BF01EEBCB2C00B148C8 /* AppDelegate.h */ = {isa = PBXFileReference; fileEncoding = 4; lastKnownFileType = sourcecode.c.h; path = AppDelegate.h; sourceTree = "<group>"; };
		18517BF11EEBCB2C00B148C8 /* AppDelegate.m */ = {isa = PBXFileReference; fileEncoding = 4; lastKnownFileType = sourcecode.c.objc; path = AppDelegate.m; sourceTree = "<group>"; };
		18517C151EEBD64800B148C8 /* AFHTTPSessionManager.h */ = {isa = PBXFileReference; fileEncoding = 4; lastKnownFileType = sourcecode.c.h; path = AFHTTPSessionManager.h; sourceTree = "<group>"; };
		18517C161EEBD64800B148C8 /* AFHTTPSessionManager.m */ = {isa = PBXFileReference; fileEncoding = 4; lastKnownFileType = sourcecode.c.objc; path = AFHTTPSessionManager.m; sourceTree = "<group>"; };
		18517C171EEBD64800B148C8 /* AFNetworking.h */ = {isa = PBXFileReference; fileEncoding = 4; lastKnownFileType = sourcecode.c.h; path = AFNetworking.h; sourceTree = "<group>"; };
		18517C181EEBD64800B148C8 /* AFNetworkReachabilityManager.h */ = {isa = PBXFileReference; fileEncoding = 4; lastKnownFileType = sourcecode.c.h; path = AFNetworkReachabilityManager.h; sourceTree = "<group>"; };
		18517C191EEBD64800B148C8 /* AFNetworkReachabilityManager.m */ = {isa = PBXFileReference; fileEncoding = 4; lastKnownFileType = sourcecode.c.objc; path = AFNetworkReachabilityManager.m; sourceTree = "<group>"; };
		18517C1A1EEBD64800B148C8 /* AFSecurityPolicy.h */ = {isa = PBXFileReference; fileEncoding = 4; lastKnownFileType = sourcecode.c.h; path = AFSecurityPolicy.h; sourceTree = "<group>"; };
		18517C1B1EEBD64800B148C8 /* AFSecurityPolicy.m */ = {isa = PBXFileReference; fileEncoding = 4; lastKnownFileType = sourcecode.c.objc; path = AFSecurityPolicy.m; sourceTree = "<group>"; };
		18517C1C1EEBD64800B148C8 /* AFURLRequestSerialization.h */ = {isa = PBXFileReference; fileEncoding = 4; lastKnownFileType = sourcecode.c.h; path = AFURLRequestSerialization.h; sourceTree = "<group>"; };
		18517C1D1EEBD64800B148C8 /* AFURLRequestSerialization.m */ = {isa = PBXFileReference; fileEncoding = 4; lastKnownFileType = sourcecode.c.objc; path = AFURLRequestSerialization.m; sourceTree = "<group>"; };
		18517C1E1EEBD64800B148C8 /* AFURLResponseSerialization.h */ = {isa = PBXFileReference; fileEncoding = 4; lastKnownFileType = sourcecode.c.h; path = AFURLResponseSerialization.h; sourceTree = "<group>"; };
		18517C1F1EEBD64800B148C8 /* AFURLResponseSerialization.m */ = {isa = PBXFileReference; fileEncoding = 4; lastKnownFileType = sourcecode.c.objc; path = AFURLResponseSerialization.m; sourceTree = "<group>"; };
		18517C201EEBD64800B148C8 /* AFURLSessionManager.h */ = {isa = PBXFileReference; fileEncoding = 4; lastKnownFileType = sourcecode.c.h; path = AFURLSessionManager.h; sourceTree = "<group>"; };
		18517C211EEBD64800B148C8 /* AFURLSessionManager.m */ = {isa = PBXFileReference; fileEncoding = 4; lastKnownFileType = sourcecode.c.objc; path = AFURLSessionManager.m; sourceTree = "<group>"; };
		18517C291EEBD66A00B148C8 /* LICENSE.txt */ = {isa = PBXFileReference; fileEncoding = 4; lastKnownFileType = text; path = LICENSE.txt; sourceTree = "<group>"; };
		18517C2A1EEBD66A00B148C8 /* README.markdown */ = {isa = PBXFileReference; fileEncoding = 4; lastKnownFileType = net.daringfireball.markdown; path = README.markdown; sourceTree = "<group>"; };
		18517C2D1EEBD66A00B148C8 /* FMDatabase.h */ = {isa = PBXFileReference; fileEncoding = 4; lastKnownFileType = sourcecode.c.h; path = FMDatabase.h; sourceTree = "<group>"; };
		18517C2E1EEBD66A00B148C8 /* FMDatabase.m */ = {isa = PBXFileReference; fileEncoding = 4; lastKnownFileType = sourcecode.c.objc; path = FMDatabase.m; sourceTree = "<group>"; };
		18517C2F1EEBD66A00B148C8 /* FMDatabaseAdditions.h */ = {isa = PBXFileReference; fileEncoding = 4; lastKnownFileType = sourcecode.c.h; path = FMDatabaseAdditions.h; sourceTree = "<group>"; };
		18517C301EEBD66A00B148C8 /* FMDatabaseAdditions.m */ = {isa = PBXFileReference; fileEncoding = 4; lastKnownFileType = sourcecode.c.objc; path = FMDatabaseAdditions.m; sourceTree = "<group>"; };
		18517C311EEBD66A00B148C8 /* FMDatabasePool.h */ = {isa = PBXFileReference; fileEncoding = 4; lastKnownFileType = sourcecode.c.h; path = FMDatabasePool.h; sourceTree = "<group>"; };
		18517C321EEBD66A00B148C8 /* FMDatabasePool.m */ = {isa = PBXFileReference; fileEncoding = 4; lastKnownFileType = sourcecode.c.objc; path = FMDatabasePool.m; sourceTree = "<group>"; };
		18517C331EEBD66A00B148C8 /* FMDatabaseQueue.h */ = {isa = PBXFileReference; fileEncoding = 4; lastKnownFileType = sourcecode.c.h; path = FMDatabaseQueue.h; sourceTree = "<group>"; };
		18517C341EEBD66A00B148C8 /* FMDatabaseQueue.m */ = {isa = PBXFileReference; fileEncoding = 4; lastKnownFileType = sourcecode.c.objc; path = FMDatabaseQueue.m; sourceTree = "<group>"; };
		18517C351EEBD66A00B148C8 /* FMDB.h */ = {isa = PBXFileReference; fileEncoding = 4; lastKnownFileType = sourcecode.c.h; path = FMDB.h; sourceTree = "<group>"; };
		18517C361EEBD66A00B148C8 /* FMResultSet.h */ = {isa = PBXFileReference; fileEncoding = 4; lastKnownFileType = sourcecode.c.h; path = FMResultSet.h; sourceTree = "<group>"; };
		18517C371EEBD66A00B148C8 /* FMResultSet.m */ = {isa = PBXFileReference; fileEncoding = 4; lastKnownFileType = sourcecode.c.objc; path = FMResultSet.m; sourceTree = "<group>"; };
		18517C401EEBD67C00B148C8 /* libsqlite3.0.tbd */ = {isa = PBXFileReference; lastKnownFileType = "sourcecode.text-based-dylib-definition"; name = libsqlite3.0.tbd; path = usr/lib/libsqlite3.0.tbd; sourceTree = SDKROOT; };
		18517C421EEBD81D00B148C8 /* MainNavigationController.h */ = {isa = PBXFileReference; fileEncoding = 4; lastKnownFileType = sourcecode.c.h; path = MainNavigationController.h; sourceTree = "<group>"; };
		18517C431EEBD81D00B148C8 /* MainNavigationController.m */ = {isa = PBXFileReference; fileEncoding = 4; lastKnownFileType = sourcecode.c.objc; path = MainNavigationController.m; sourceTree = "<group>"; };
		18517C441EEBD81D00B148C8 /* MainTabBarController.h */ = {isa = PBXFileReference; fileEncoding = 4; lastKnownFileType = sourcecode.c.h; path = MainTabBarController.h; sourceTree = "<group>"; };
		18517C451EEBD81D00B148C8 /* MainTabBarController.m */ = {isa = PBXFileReference; fileEncoding = 4; lastKnownFileType = sourcecode.c.objc; path = MainTabBarController.m; sourceTree = "<group>"; };
		18517C541EEBD93800B148C8 /* BrowserViewController.h */ = {isa = PBXFileReference; fileEncoding = 4; lastKnownFileType = sourcecode.c.h; path = BrowserViewController.h; sourceTree = "<group>"; };
		18517C551EEBD93800B148C8 /* BrowserViewController.m */ = {isa = PBXFileReference; fileEncoding = 4; lastKnownFileType = sourcecode.c.objc; path = BrowserViewController.m; sourceTree = "<group>"; };
		18517C571EEBD95C00B148C8 /* FilesViewController.h */ = {isa = PBXFileReference; fileEncoding = 4; lastKnownFileType = sourcecode.c.h; path = FilesViewController.h; sourceTree = "<group>"; };
		18517C581EEBD95C00B148C8 /* FilesViewController.m */ = {isa = PBXFileReference; fileEncoding = 4; lastKnownFileType = sourcecode.c.objc; path = FilesViewController.m; sourceTree = "<group>"; };
		18517C5A1EEBD97500B148C8 /* DownloadsViewController.h */ = {isa = PBXFileReference; fileEncoding = 4; lastKnownFileType = sourcecode.c.h; path = DownloadsViewController.h; sourceTree = "<group>"; };
		18517C5B1EEBD97500B148C8 /* DownloadsViewController.m */ = {isa = PBXFileReference; fileEncoding = 4; lastKnownFileType = sourcecode.c.objc; path = DownloadsViewController.m; sourceTree = "<group>"; };
		18517C5D1EEBD98200B148C8 /* MoreViewController.h */ = {isa = PBXFileReference; fileEncoding = 4; lastKnownFileType = sourcecode.c.h; path = MoreViewController.h; sourceTree = "<group>"; };
		18517C5E1EEBD98200B148C8 /* MoreViewController.m */ = {isa = PBXFileReference; fileEncoding = 4; lastKnownFileType = sourcecode.c.objc; path = MoreViewController.m; sourceTree = "<group>"; };
		18517C601EEBDA1D00B148C8 /* FileDownloader.pch */ = {isa = PBXFileReference; lastKnownFileType = sourcecode.c.h; path = FileDownloader.pch; sourceTree = "<group>"; };
		18517C621EEBDB3E00B148C8 /* UIImage+XYImage.h */ = {isa = PBXFileReference; fileEncoding = 4; lastKnownFileType = sourcecode.c.h; path = "UIImage+XYImage.h"; sourceTree = "<group>"; };
		18517C631EEBDB3E00B148C8 /* UIImage+XYImage.m */ = {isa = PBXFileReference; fileEncoding = 4; lastKnownFileType = sourcecode.c.objc; path = "UIImage+XYImage.m"; sourceTree = "<group>"; };
		18517C651EEBDDDB00B148C8 /* BaseViewController.h */ = {isa = PBXFileReference; fileEncoding = 4; lastKnownFileType = sourcecode.c.h; path = BaseViewController.h; sourceTree = "<group>"; };
		18517C661EEBDDDB00B148C8 /* BaseViewController.m */ = {isa = PBXFileReference; fileEncoding = 4; lastKnownFileType = sourcecode.c.objc; path = BaseViewController.m; sourceTree = "<group>"; };
		18517C701EEBE08700B148C8 /* UIScrollView+NoDataPlaceholder.h */ = {isa = PBXFileReference; fileEncoding = 4; lastKnownFileType = sourcecode.c.h; path = "UIScrollView+NoDataPlaceholder.h"; sourceTree = "<group>"; };
		18517C711EEBE08700B148C8 /* UIScrollView+NoDataPlaceholder.m */ = {isa = PBXFileReference; fileEncoding = 4; lastKnownFileType = sourcecode.c.objc; path = "UIScrollView+NoDataPlaceholder.m"; sourceTree = "<group>"; };
		18517C721EEBE08700B148C8 /* UITableView+NoDataPlaceholderExtend.h */ = {isa = PBXFileReference; fileEncoding = 4; lastKnownFileType = sourcecode.c.h; path = "UITableView+NoDataPlaceholderExtend.h"; sourceTree = "<group>"; };
		18517C731EEBE08700B148C8 /* UITableView+NoDataPlaceholderExtend.m */ = {isa = PBXFileReference; fileEncoding = 4; lastKnownFileType = sourcecode.c.objc; path = "UITableView+NoDataPlaceholderExtend.m"; sourceTree = "<group>"; };
		1871ACD81EEEE2D900ABC452 /* NSString+FileDownloadsExtend.h */ = {isa = PBXFileReference; fileEncoding = 4; lastKnownFileType = sourcecode.c.h; path = "NSString+FileDownloadsExtend.h"; sourceTree = "<group>"; };
		1871ACD91EEEE2D900ABC452 /* NSString+FileDownloadsExtend.m */ = {isa = PBXFileReference; fileEncoding = 4; lastKnownFileType = sourcecode.c.objc; path = "NSString+FileDownloadsExtend.m"; sourceTree = "<group>"; };
		1871ACDB1EEEE55700ABC452 /* NSDate+Utilities.h */ = {isa = PBXFileReference; fileEncoding = 4; lastKnownFileType = sourcecode.c.h; path = "NSDate+Utilities.h"; sourceTree = "<group>"; };
		1871ACDC1EEEE55700ABC452 /* NSDate+Utilities.m */ = {isa = PBXFileReference; fileEncoding = 4; lastKnownFileType = sourcecode.c.objc; path = "NSDate+Utilities.m"; sourceTree = "<group>"; };
		1871ACF01EEEECBE00ABC452 /* FilesTableViewModel.h */ = {isa = PBXFileReference; fileEncoding = 4; lastKnownFileType = sourcecode.c.h; path = FilesTableViewModel.h; sourceTree = "<group>"; };
		1871ACF11EEEECBE00ABC452 /* FilesTableViewModel.m */ = {isa = PBXFileReference; fileEncoding = 4; lastKnownFileType = sourcecode.c.objc; path = FilesTableViewModel.m; sourceTree = "<group>"; };
		1871ACF31EEEEE8C00ABC452 /* DownloadsTableViewModel.h */ = {isa = PBXFileReference; fileEncoding = 4; lastKnownFileType = sourcecode.c.h; path = DownloadsTableViewModel.h; sourceTree = "<group>"; };
		1871ACF41EEEEE8C00ABC452 /* DownloadsTableViewModel.m */ = {isa = PBXFileReference; fileEncoding = 4; lastKnownFileType = sourcecode.c.objc; path = DownloadsTableViewModel.m; sourceTree = "<group>"; };
		1871AD0B1EEEF15100ABC452 /* BaseTableViewModel.h */ = {isa = PBXFileReference; fileEncoding = 4; lastKnownFileType = sourcecode.c.h; path = BaseTableViewModel.h; sourceTree = "<group>"; };
		1871AD0C1EEEF15100ABC452 /* BaseTableViewModel.m */ = {isa = PBXFileReference; fileEncoding = 4; lastKnownFileType = sourcecode.c.objc; path = BaseTableViewModel.m; sourceTree = "<group>"; };
		1871AD0F1EEEF76E00ABC452 /* NSObject+XYProperties.h */ = {isa = PBXFileReference; fileEncoding = 4; lastKnownFileType = sourcecode.c.h; path = "NSObject+XYProperties.h"; sourceTree = "<group>"; };
		1871AD101EEEF76E00ABC452 /* NSObject+XYProperties.m */ = {isa = PBXFileReference; fileEncoding = 4; lastKnownFileType = sourcecode.c.objc; path = "NSObject+XYProperties.m"; sourceTree = "<group>"; };
		1871AD111EEEF76E00ABC452 /* NSObject+XYRequest.h */ = {isa = PBXFileReference; fileEncoding = 4; lastKnownFileType = sourcecode.c.h; path = "NSObject+XYRequest.h"; sourceTree = "<group>"; };
		1871AD121EEEF76E00ABC452 /* NSObject+XYRequest.m */ = {isa = PBXFileReference; fileEncoding = 4; lastKnownFileType = sourcecode.c.objc; path = "NSObject+XYRequest.m"; sourceTree = "<group>"; };
		1871AD131EEEF76E00ABC452 /* UICollectionViewCell+XYConfigure.h */ = {isa = PBXFileReference; fileEncoding = 4; lastKnownFileType = sourcecode.c.h; path = "UICollectionViewCell+XYConfigure.h"; sourceTree = "<group>"; };
		1871AD141EEEF76E00ABC452 /* UICollectionViewCell+XYConfigure.m */ = {isa = PBXFileReference; fileEncoding = 4; lastKnownFileType = sourcecode.c.objc; path = "UICollectionViewCell+XYConfigure.m"; sourceTree = "<group>"; };
		1871AD151EEEF76E00ABC452 /* UITableViewCell+XYConfigure.h */ = {isa = PBXFileReference; fileEncoding = 4; lastKnownFileType = sourcecode.c.h; path = "UITableViewCell+XYConfigure.h"; sourceTree = "<group>"; };
		1871AD161EEEF76E00ABC452 /* UITableViewCell+XYConfigure.m */ = {isa = PBXFileReference; fileEncoding = 4; lastKnownFileType = sourcecode.c.objc; path = "UITableViewCell+XYConfigure.m"; sourceTree = "<group>"; };
		1871AD171EEEF76E00ABC452 /* UIView+XYConfigure.h */ = {isa = PBXFileReference; fileEncoding = 4; lastKnownFileType = sourcecode.c.h; path = "UIView+XYConfigure.h"; sourceTree = "<group>"; };
		1871AD181EEEF76E00ABC452 /* UIView+XYConfigure.m */ = {isa = PBXFileReference; fileEncoding = 4; lastKnownFileType = sourcecode.c.objc; path = "UIView+XYConfigure.m"; sourceTree = "<group>"; };
		1871AD191EEEF76E00ABC452 /* XYCollectionViewModelProtocol.h */ = {isa = PBXFileReference; fileEncoding = 4; lastKnownFileType = sourcecode.c.h; path = XYCollectionViewModelProtocol.h; sourceTree = "<group>"; };
		1871AD1A1EEEF76E00ABC452 /* XYDBUtil.h */ = {isa = PBXFileReference; fileEncoding = 4; lastKnownFileType = sourcecode.c.h; path = XYDBUtil.h; sourceTree = "<group>"; };
		1871AD1B1EEEF76E00ABC452 /* XYDBUtil.m */ = {isa = PBXFileReference; fileEncoding = 4; lastKnownFileType = sourcecode.c.objc; path = XYDBUtil.m; sourceTree = "<group>"; };
		1871AD1C1EEEF76E00ABC452 /* XYNetworkRequest.h */ = {isa = PBXFileReference; fileEncoding = 4; lastKnownFileType = sourcecode.c.h; path = XYNetworkRequest.h; sourceTree = "<group>"; };
		1871AD1D1EEEF76E00ABC452 /* XYNetworkRequest.m */ = {isa = PBXFileReference; fileEncoding = 4; lastKnownFileType = sourcecode.c.objc; path = XYNetworkRequest.m; sourceTree = "<group>"; };
		1871AD1E1EEEF76E00ABC452 /* XYRequestProtocol.h */ = {isa = PBXFileReference; fileEncoding = 4; lastKnownFileType = sourcecode.c.h; path = XYRequestProtocol.h; sourceTree = "<group>"; };
		1871AD1F1EEEF76E00ABC452 /* XYTableViewModelProtocol.h */ = {isa = PBXFileReference; fileEncoding = 4; lastKnownFileType = sourcecode.c.h; path = XYTableViewModelProtocol.h; sourceTree = "<group>"; };
		1871AD201EEEF76E00ABC452 /* XYViewModelProtocol.h */ = {isa = PBXFileReference; fileEncoding = 4; lastKnownFileType = sourcecode.c.h; path = XYViewModelProtocol.h; sourceTree = "<group>"; };
		18878A1E1EF01B87005C0185 /* XYImageBrowerView.h */ = {isa = PBXFileReference; fileEncoding = 4; lastKnownFileType = sourcecode.c.h; path = XYImageBrowerView.h; sourceTree = "<group>"; };
		18878A1F1EF01B87005C0185 /* XYImageBrowerView.m */ = {isa = PBXFileReference; fileEncoding = 4; lastKnownFileType = sourcecode.c.objc; path = XYImageBrowerView.m; sourceTree = "<group>"; };
		18878A201EF01B87005C0185 /* XYImageViewer.h */ = {isa = PBXFileReference; fileEncoding = 4; lastKnownFileType = sourcecode.c.h; path = XYImageViewer.h; sourceTree = "<group>"; };
		18878A211EF01B87005C0185 /* XYImageViewer.m */ = {isa = PBXFileReference; fileEncoding = 4; lastKnownFileType = sourcecode.c.objc; path = XYImageViewer.m; sourceTree = "<group>"; };
		18878A251EF022B6005C0185 /* LICENSE */ = {isa = PBXFileReference; fileEncoding = 4; lastKnownFileType = text; path = LICENSE; sourceTree = "<group>"; };
		18878A261EF022B6005C0185 /* README.md */ = {isa = PBXFileReference; fileEncoding = 4; lastKnownFileType = net.daringfireball.markdown; path = README.md; sourceTree = "<group>"; };
		18878A281EF022B6005C0185 /* NSData+ImageContentType.h */ = {isa = PBXFileReference; fileEncoding = 4; lastKnownFileType = sourcecode.c.h; path = "NSData+ImageContentType.h"; sourceTree = "<group>"; };
		18878A291EF022B6005C0185 /* NSData+ImageContentType.m */ = {isa = PBXFileReference; fileEncoding = 4; lastKnownFileType = sourcecode.c.objc; path = "NSData+ImageContentType.m"; sourceTree = "<group>"; };
		18878A2A1EF022B6005C0185 /* SDImageCache.h */ = {isa = PBXFileReference; fileEncoding = 4; lastKnownFileType = sourcecode.c.h; path = SDImageCache.h; sourceTree = "<group>"; };
		18878A2B1EF022B6005C0185 /* SDImageCache.m */ = {isa = PBXFileReference; fileEncoding = 4; lastKnownFileType = sourcecode.c.objc; path = SDImageCache.m; sourceTree = "<group>"; };
		18878A2C1EF022B6005C0185 /* SDWebImageCompat.h */ = {isa = PBXFileReference; fileEncoding = 4; lastKnownFileType = sourcecode.c.h; path = SDWebImageCompat.h; sourceTree = "<group>"; };
		18878A2D1EF022B6005C0185 /* SDWebImageCompat.m */ = {isa = PBXFileReference; fileEncoding = 4; lastKnownFileType = sourcecode.c.objc; path = SDWebImageCompat.m; sourceTree = "<group>"; };
		18878A2E1EF022B6005C0185 /* SDWebImageDecoder.h */ = {isa = PBXFileReference; fileEncoding = 4; lastKnownFileType = sourcecode.c.h; path = SDWebImageDecoder.h; sourceTree = "<group>"; };
		18878A2F1EF022B6005C0185 /* SDWebImageDecoder.m */ = {isa = PBXFileReference; fileEncoding = 4; lastKnownFileType = sourcecode.c.objc; path = SDWebImageDecoder.m; sourceTree = "<group>"; };
		18878A301EF022B6005C0185 /* SDWebImageDownloader.h */ = {isa = PBXFileReference; fileEncoding = 4; lastKnownFileType = sourcecode.c.h; path = SDWebImageDownloader.h; sourceTree = "<group>"; };
		18878A311EF022B6005C0185 /* SDWebImageDownloader.m */ = {isa = PBXFileReference; fileEncoding = 4; lastKnownFileType = sourcecode.c.objc; path = SDWebImageDownloader.m; sourceTree = "<group>"; };
		18878A321EF022B6005C0185 /* SDWebImageDownloaderOperation.h */ = {isa = PBXFileReference; fileEncoding = 4; lastKnownFileType = sourcecode.c.h; path = SDWebImageDownloaderOperation.h; sourceTree = "<group>"; };
		18878A331EF022B6005C0185 /* SDWebImageDownloaderOperation.m */ = {isa = PBXFileReference; fileEncoding = 4; lastKnownFileType = sourcecode.c.objc; path = SDWebImageDownloaderOperation.m; sourceTree = "<group>"; };
		18878A341EF022B6005C0185 /* SDWebImageManager.h */ = {isa = PBXFileReference; fileEncoding = 4; lastKnownFileType = sourcecode.c.h; path = SDWebImageManager.h; sourceTree = "<group>"; };
		18878A351EF022B6005C0185 /* SDWebImageManager.m */ = {isa = PBXFileReference; fileEncoding = 4; lastKnownFileType = sourcecode.c.objc; path = SDWebImageManager.m; sourceTree = "<group>"; };
		18878A361EF022B6005C0185 /* SDWebImageOperation.h */ = {isa = PBXFileReference; fileEncoding = 4; lastKnownFileType = sourcecode.c.h; path = SDWebImageOperation.h; sourceTree = "<group>"; };
		18878A371EF022B6005C0185 /* SDWebImagePrefetcher.h */ = {isa = PBXFileReference; fileEncoding = 4; lastKnownFileType = sourcecode.c.h; path = SDWebImagePrefetcher.h; sourceTree = "<group>"; };
		18878A381EF022B6005C0185 /* SDWebImagePrefetcher.m */ = {isa = PBXFileReference; fileEncoding = 4; lastKnownFileType = sourcecode.c.objc; path = SDWebImagePrefetcher.m; sourceTree = "<group>"; };
		18878A391EF022B6005C0185 /* UIButton+WebCache.h */ = {isa = PBXFileReference; fileEncoding = 4; lastKnownFileType = sourcecode.c.h; path = "UIButton+WebCache.h"; sourceTree = "<group>"; };
		18878A3A1EF022B6005C0185 /* UIButton+WebCache.m */ = {isa = PBXFileReference; fileEncoding = 4; lastKnownFileType = sourcecode.c.objc; path = "UIButton+WebCache.m"; sourceTree = "<group>"; };
		18878A3B1EF022B6005C0185 /* UIImage+GIF.h */ = {isa = PBXFileReference; fileEncoding = 4; lastKnownFileType = sourcecode.c.h; path = "UIImage+GIF.h"; sourceTree = "<group>"; };
		18878A3C1EF022B6005C0185 /* UIImage+GIF.m */ = {isa = PBXFileReference; fileEncoding = 4; lastKnownFileType = sourcecode.c.objc; path = "UIImage+GIF.m"; sourceTree = "<group>"; };
		18878A3D1EF022B6005C0185 /* UIImage+MultiFormat.h */ = {isa = PBXFileReference; fileEncoding = 4; lastKnownFileType = sourcecode.c.h; path = "UIImage+MultiFormat.h"; sourceTree = "<group>"; };
		18878A3E1EF022B6005C0185 /* UIImage+MultiFormat.m */ = {isa = PBXFileReference; fileEncoding = 4; lastKnownFileType = sourcecode.c.objc; path = "UIImage+MultiFormat.m"; sourceTree = "<group>"; };
		18878A3F1EF022B6005C0185 /* UIImageView+HighlightedWebCache.h */ = {isa = PBXFileReference; fileEncoding = 4; lastKnownFileType = sourcecode.c.h; path = "UIImageView+HighlightedWebCache.h"; sourceTree = "<group>"; };
		18878A401EF022B6005C0185 /* UIImageView+HighlightedWebCache.m */ = {isa = PBXFileReference; fileEncoding = 4; lastKnownFileType = sourcecode.c.objc; path = "UIImageView+HighlightedWebCache.m"; sourceTree = "<group>"; };
		18878A411EF022B6005C0185 /* UIImageView+WebCache.h */ = {isa = PBXFileReference; fileEncoding = 4; lastKnownFileType = sourcecode.c.h; path = "UIImageView+WebCache.h"; sourceTree = "<group>"; };
		18878A421EF022B6005C0185 /* UIImageView+WebCache.m */ = {isa = PBXFileReference; fileEncoding = 4; lastKnownFileType = sourcecode.c.objc; path = "UIImageView+WebCache.m"; sourceTree = "<group>"; };
		18878A431EF022B6005C0185 /* UIView+WebCacheOperation.h */ = {isa = PBXFileReference; fileEncoding = 4; lastKnownFileType = sourcecode.c.h; path = "UIView+WebCacheOperation.h"; sourceTree = "<group>"; };
		18878A441EF022B6005C0185 /* UIView+WebCacheOperation.m */ = {isa = PBXFileReference; fileEncoding = 4; lastKnownFileType = sourcecode.c.objc; path = "UIView+WebCacheOperation.m"; sourceTree = "<group>"; };
		18878A791EF030AF005C0185 /* UIButton+ClickBlock.h */ = {isa = PBXFileReference; fileEncoding = 4; lastKnownFileType = sourcecode.c.h; path = "UIButton+ClickBlock.h"; sourceTree = "<group>"; };
		18878A7A1EF030AF005C0185 /* UIButton+ClickBlock.m */ = {isa = PBXFileReference; fileEncoding = 4; lastKnownFileType = sourcecode.c.objc; path = "UIButton+ClickBlock.m"; sourceTree = "<group>"; };
		18878A7F1EF035DF005C0185 /* UIView+Extend.h */ = {isa = PBXFileReference; fileEncoding = 4; lastKnownFileType = sourcecode.c.h; path = "UIView+Extend.h"; sourceTree = "<group>"; };
		18878A801EF035DF005C0185 /* UIView+Extend.m */ = {isa = PBXFileReference; fileEncoding = 4; lastKnownFileType = sourcecode.c.objc; path = "UIView+Extend.m"; sourceTree = "<group>"; };
		18878A841EF03907005C0185 /* XYCutVideoController.h */ = {isa = PBXFileReference; fileEncoding = 4; lastKnownFileType = sourcecode.c.h; path = XYCutVideoController.h; sourceTree = "<group>"; };
		18878A851EF03907005C0185 /* XYCutVideoController.m */ = {isa = PBXFileReference; fileEncoding = 4; lastKnownFileType = sourcecode.c.objc; path = XYCutVideoController.m; sourceTree = "<group>"; };
		18878A861EF03907005C0185 /* XYCutVideoView.h */ = {isa = PBXFileReference; fileEncoding = 4; lastKnownFileType = sourcecode.c.h; path = XYCutVideoView.h; sourceTree = "<group>"; };
		18878A871EF03907005C0185 /* XYCutVideoView.m */ = {isa = PBXFileReference; fileEncoding = 4; lastKnownFileType = sourcecode.c.objc; path = XYCutVideoView.m; sourceTree = "<group>"; };
		18878A881EF03907005C0185 /* XYMenuView.h */ = {isa = PBXFileReference; fileEncoding = 4; lastKnownFileType = sourcecode.c.h; path = XYMenuView.h; sourceTree = "<group>"; };
		18878A891EF03907005C0185 /* XYMenuView.m */ = {isa = PBXFileReference; fileEncoding = 4; lastKnownFileType = sourcecode.c.objc; path = XYMenuView.m; sourceTree = "<group>"; };
		18878A8A1EF03907005C0185 /* XYVideoPlayerView.h */ = {isa = PBXFileReference; fileEncoding = 4; lastKnownFileType = sourcecode.c.h; path = XYVideoPlayerView.h; sourceTree = "<group>"; };
		18878A8B1EF03907005C0185 /* XYVideoPlayerView.m */ = {isa = PBXFileReference; fileEncoding = 4; lastKnownFileType = sourcecode.c.objc; path = XYVideoPlayerView.m; sourceTree = "<group>"; };
		18878A8D1EF03907005C0185 /* ICGRulerView.h */ = {isa = PBXFileReference; fileEncoding = 4; lastKnownFileType = sourcecode.c.h; path = ICGRulerView.h; sourceTree = "<group>"; };
		18878A8E1EF03907005C0185 /* ICGRulerView.m */ = {isa = PBXFileReference; fileEncoding = 4; lastKnownFileType = sourcecode.c.objc; path = ICGRulerView.m; sourceTree = "<group>"; };
		18878A8F1EF03907005C0185 /* ICGThumbView.h */ = {isa = PBXFileReference; fileEncoding = 4; lastKnownFileType = sourcecode.c.h; path = ICGThumbView.h; sourceTree = "<group>"; };
		18878A901EF03907005C0185 /* ICGThumbView.m */ = {isa = PBXFileReference; fileEncoding = 4; lastKnownFileType = sourcecode.c.objc; path = ICGThumbView.m; sourceTree = "<group>"; };
		18878A911EF03908005C0185 /* ICGVideoTrimmer.h */ = {isa = PBXFileReference; fileEncoding = 4; lastKnownFileType = sourcecode.c.h; path = ICGVideoTrimmer.h; sourceTree = "<group>"; };
		18878A921EF03908005C0185 /* ICGVideoTrimmerView.h */ = {isa = PBXFileReference; fileEncoding = 4; lastKnownFileType = sourcecode.c.h; path = ICGVideoTrimmerView.h; sourceTree = "<group>"; };
		18878A931EF03908005C0185 /* ICGVideoTrimmerView.m */ = {isa = PBXFileReference; fileEncoding = 4; lastKnownFileType = sourcecode.c.objc; path = ICGVideoTrimmerView.m; sourceTree = "<group>"; };
		18878B201EF19EAC005C0185 /* UIApplication+ActivityIndicator.h */ = {isa = PBXFileReference; fileEncoding = 4; lastKnownFileType = sourcecode.c.h; path = "UIApplication+ActivityIndicator.h"; sourceTree = "<group>"; };
		18878B211EF19EAC005C0185 /* UIApplication+ActivityIndicator.m */ = {isa = PBXFileReference; fileEncoding = 4; lastKnownFileType = sourcecode.c.objc; path = "UIApplication+ActivityIndicator.m"; sourceTree = "<group>"; };
		18878B221EF19EAC005C0185 /* UIColor+Hex.h */ = {isa = PBXFileReference; fileEncoding = 4; lastKnownFileType = sourcecode.c.h; path = "UIColor+Hex.h"; sourceTree = "<group>"; };
		18878B231EF19EAC005C0185 /* UIColor+Hex.m */ = {isa = PBXFileReference; fileEncoding = 4; lastKnownFileType = sourcecode.c.objc; path = "UIColor+Hex.m"; sourceTree = "<group>"; };
		18878B241EF19EAC005C0185 /* UINavigationItem+MultipleItems.h */ = {isa = PBXFileReference; fileEncoding = 4; lastKnownFileType = sourcecode.c.h; path = "UINavigationItem+MultipleItems.h"; sourceTree = "<group>"; };
		18878B251EF19EAC005C0185 /* UINavigationItem+MultipleItems.m */ = {isa = PBXFileReference; fileEncoding = 4; lastKnownFileType = sourcecode.c.objc; path = "UINavigationItem+MultipleItems.m"; sourceTree = "<group>"; };
		18910A6B1F0D3472002BA292 /* PSPDFUIKitMainThreadGuard.m */ = {isa = PBXFileReference; fileEncoding = 4; lastKnownFileType = sourcecode.c.objc; path = PSPDFUIKitMainThreadGuard.m; sourceTree = "<group>"; };
		18DCFC3F1F263D8F00AC21CA /* FileDownloaderDelegate.h */ = {isa = PBXFileReference; fileEncoding = 4; lastKnownFileType = sourcecode.c.h; path = FileDownloaderDelegate.h; sourceTree = "<group>"; };
		18DCFC401F263D8F00AC21CA /* FileDownloaderDelegate.m */ = {isa = PBXFileReference; fileEncoding = 4; lastKnownFileType = sourcecode.c.objc; path = FileDownloaderDelegate.m; sourceTree = "<group>"; };
		18DCFC411F263D8F00AC21CA /* FileDownloaderManager.h */ = {isa = PBXFileReference; fileEncoding = 4; lastKnownFileType = sourcecode.c.h; path = FileDownloaderManager.h; sourceTree = "<group>"; };
		18DCFC421F263D8F00AC21CA /* FileDownloaderManager.m */ = {isa = PBXFileReference; fileEncoding = 4; lastKnownFileType = sourcecode.c.objc; path = FileDownloaderManager.m; sourceTree = "<group>"; };
/* End PBXFileReference section */

/* Begin PBXFrameworksBuildPhase section */
		18517BC01EEBC86600B148C8 /* Frameworks */ = {
			isa = PBXFrameworksBuildPhase;
			buildActionMask = 2147483647;
			files = (
				18517C411EEBD67C00B148C8 /* libsqlite3.0.tbd in Frameworks */,
			);
			runOnlyForDeploymentPostprocessing = 0;
		};
/* End PBXFrameworksBuildPhase section */

/* Begin PBXGroup section */
		180CBDDD1F1126E0006D2871 /* SuspensionControl */ = {
			isa = PBXGroup;
			children = (
				180CBDDE1F1126E0006D2871 /* SuspensionControl.h */,
				180CBDDF1F1126E0006D2871 /* SuspensionControl.m */,
			);
			path = SuspensionControl;
			sourceTree = "<group>";
		};
		1813E79C1F9B6ACF002C661E /* Downloader */ = {
			isa = PBXGroup;
			children = (
				1813E79D1F9B6ACF002C661E /* FileDownloadConst.h */,
				1813E79E1F9B6ACF002C661E /* FileDownloadConst.m */,
				1813E79F1F9B6ACF002C661E /* FileDownloader.h */,
				1813E7A01F9B6ACF002C661E /* FileDownloader.m */,
				1813E7A11F9B6ACF002C661E /* FileDownloaderSessionPrivateDelegate.h */,
				1813E7A21F9B6ACF002C661E /* FileDownloaderSessionPrivateDelegate.m */,
				1813E7A31F9B6ACF002C661E /* FileDownloadProgress.h */,
				1813E7A41F9B6ACF002C661E /* FileDownloadProgress.m */,
				1813E7A51F9B6ACF002C661E /* FileDownloadProtocol.h */,
			);
			path = Downloader;
			sourceTree = "<group>";
		};
		1813E7AA1F9B6E74002C661E /* ProgressBar */ = {
			isa = PBXGroup;
			children = (
				1813E7AB1F9B6E74002C661E /* OSProgressView.h */,
				1813E7AC1F9B6E74002C661E /* OSProgressView.m */,
				1813E7AD1F9B6E74002C661E /* UINavigationController+OSProgressBar.h */,
				1813E7AE1F9B6E74002C661E /* UINavigationController+OSProgressBar.m */,
			);
			path = ProgressBar;
			sourceTree = "<group>";
		};
		18300F711EEC57280035D6EE /* HUD */ = {
			isa = PBXGroup;
			children = (
				18300F721EEC57280035D6EE /* MBProgressHUD.h */,
				18300F731EEC57280035D6EE /* MBProgressHUD.m */,
				18300F741EEC57280035D6EE /* NSObject+XYHUD.h */,
				18300F751EEC57280035D6EE /* NSObject+XYHUD.m */,
				18300F761EEC57280035D6EE /* UIViewController+XYHUD.h */,
				18300F771EEC57280035D6EE /* UIViewController+XYHUD.m */,
			);
			path = HUD;
			sourceTree = "<group>";
		};
		18300F781EEC57280035D6EE /* Network */ = {
			isa = PBXGroup;
			children = (
				18300F7B1EEC57280035D6EE /* NetworkTypeUtils.h */,
				18300F7C1EEC57280035D6EE /* NetworkTypeUtils.m */,
			);
			path = Network;
			sourceTree = "<group>";
		};
		18300F8D1EECE79F0035D6EE /* Masonry */ = {
			isa = PBXGroup;
			children = (
				18300F8E1EECE79F0035D6EE /* MASCompositeConstraint.h */,
				18300F8F1EECE79F0035D6EE /* MASCompositeConstraint.m */,
				18300F901EECE79F0035D6EE /* MASConstraint+Private.h */,
				18300F911EECE79F0035D6EE /* MASConstraint.h */,
				18300F921EECE79F0035D6EE /* MASConstraint.m */,
				18300F931EECE79F0035D6EE /* MASConstraintMaker.h */,
				18300F941EECE79F0035D6EE /* MASConstraintMaker.m */,
				18300F951EECE79F0035D6EE /* MASLayoutConstraint.h */,
				18300F961EECE79F0035D6EE /* MASLayoutConstraint.m */,
				18300F971EECE79F0035D6EE /* Masonry.h */,
				18300F981EECE79F0035D6EE /* MASUtilities.h */,
				18300F991EECE79F0035D6EE /* MASViewAttribute.h */,
				18300F9A1EECE79F0035D6EE /* MASViewAttribute.m */,
				18300F9B1EECE79F0035D6EE /* MASViewConstraint.h */,
				18300F9C1EECE79F0035D6EE /* MASViewConstraint.m */,
				18300F9D1EECE79F0035D6EE /* NSArray+MASAdditions.h */,
				18300F9E1EECE79F0035D6EE /* NSArray+MASAdditions.m */,
				18300F9F1EECE79F0035D6EE /* NSArray+MASShorthandAdditions.h */,
				18300FA01EECE79F0035D6EE /* NSLayoutConstraint+MASDebugAdditions.h */,
				18300FA11EECE79F0035D6EE /* NSLayoutConstraint+MASDebugAdditions.m */,
				18300FA21EECE79F0035D6EE /* View+MASAdditions.h */,
				18300FA31EECE79F0035D6EE /* View+MASAdditions.m */,
				18300FA41EECE79F0035D6EE /* View+MASShorthandAdditions.h */,
				18300FA51EECE79F0035D6EE /* ViewController+MASAdditions.h */,
				18300FA61EECE79F0035D6EE /* ViewController+MASAdditions.m */,
			);
			path = Masonry;
			sourceTree = "<group>";
		};
		18300FC51EED38820035D6EE /* FFCircularProgressView */ = {
			isa = PBXGroup;
			children = (
				18300FC61EED38820035D6EE /* FFCircularProgressView.h */,
				18300FC71EED38820035D6EE /* FFCircularProgressView.m */,
				18300FC81EED38820035D6EE /* UIColor+iOS7.h */,
				18300FC91EED38820035D6EE /* UIColor+iOS7.m */,
			);
			path = FFCircularProgressView;
			sourceTree = "<group>";
		};
		18517BBA1EEBC86600B148C8 = {
			isa = PBXGroup;
			children = (
				18517BC51EEBC86600B148C8 /* FileDownloader */,
				18517BC41EEBC86600B148C8 /* Products */,
				18517C3F1EEBD67C00B148C8 /* Frameworks */,
			);
			sourceTree = "<group>";
		};
		18517BC41EEBC86600B148C8 /* Products */ = {
			isa = PBXGroup;
			children = (
				18517BC31EEBC86600B148C8 /* FileDownloader.app */,
			);
			name = Products;
			sourceTree = "<group>";
		};
		18517BC51EEBC86600B148C8 /* FileDownloader */ = {
			isa = PBXGroup;
			children = (
				1813E79C1F9B6ACF002C661E /* Downloader */,
				18517BEB1EEBCB2C00B148C8 /* Moudle */,
				18517BE91EEBCB2C00B148C8 /* Helper */,
				18517BEA1EEBCB2C00B148C8 /* Libs */,
				18517BF31EEBCB2C00B148C8 /* Other */,
				18517BF41EEBCB2C00B148C8 /* Resource */,
				18517BF91EEBD5FB00B148C8 /* Reuse */,
				18517BC61EEBC86600B148C8 /* Supporting Files */,
			);
			path = FileDownloader;
			sourceTree = "<group>";
		};
		18517BC61EEBC86600B148C8 /* Supporting Files */ = {
			isa = PBXGroup;
			children = (
				18517BD21EEBC86600B148C8 /* Assets.xcassets */,
				18517BD41EEBC86600B148C8 /* LaunchScreen.storyboard */,
				18517BD71EEBC86600B148C8 /* Info.plist */,
				18517BC71EEBC86600B148C8 /* main.m */,
			);
			name = "Supporting Files";
			sourceTree = "<group>";
		};
		18517BE91EEBCB2C00B148C8 /* Helper */ = {
			isa = PBXGroup;
			children = (
				1813E7AA1F9B6E74002C661E /* ProgressBar */,
				180CBDDD1F1126E0006D2871 /* SuspensionControl */,
				180CBDDA1F11269E006D2871 /* ExceptionUtils.h */,
				180CBDDB1F11269E006D2871 /* ExceptionUtils.m */,
				18910A6B1F0D3472002BA292 /* PSPDFUIKitMainThreadGuard.m */,
				18878A1D1EF01B87005C0185 /* ImageViewer */,
				18300FC51EED38820035D6EE /* FFCircularProgressView */,
				18300F711EEC57280035D6EE /* HUD */,
				18300F781EEC57280035D6EE /* Network */,
				18517C611EEBDB3600B148C8 /* Category */,
			);
			path = Helper;
			sourceTree = "<group>";
		};
		18517BEA1EEBCB2C00B148C8 /* Libs */ = {
			isa = PBXGroup;
			children = (
				18878A241EF022B6005C0185 /* SDWebImage */,
				18300F8D1EECE79F0035D6EE /* Masonry */,
				18517C281EEBD66A00B148C8 /* FMDB */,
				18517C141EEBD64800B148C8 /* AFNetworking */,
			);
			path = Libs;
			sourceTree = "<group>";
		};
		18517BEB1EEBCB2C00B148C8 /* Moudle */ = {
			isa = PBXGroup;
			children = (
				18878A821EF03907005C0185 /* VideoCut */,
				18517BF81EEBD14B00B148C8 /* More */,
				18517BF71EEBD13400B148C8 /* Downloads */,
				18517BF61EEBD11300B148C8 /* Files */,
				18517BEC1EEBCB2C00B148C8 /* Browser */,
				18517BEF1EEBCB2C00B148C8 /* Main */,
			);
			path = Moudle;
			sourceTree = "<group>";
		};
		18517BEC1EEBCB2C00B148C8 /* Browser */ = {
			isa = PBXGroup;
			children = (
				18517C491EEBD8CB00B148C8 /* View */,
			);
			path = Browser;
			sourceTree = "<group>";
		};
		18517BEF1EEBCB2C00B148C8 /* Main */ = {
			isa = PBXGroup;
			children = (
				18517C421EEBD81D00B148C8 /* MainNavigationController.h */,
				18517C431EEBD81D00B148C8 /* MainNavigationController.m */,
				18517C441EEBD81D00B148C8 /* MainTabBarController.h */,
				18517C451EEBD81D00B148C8 /* MainTabBarController.m */,
				18517C651EEBDDDB00B148C8 /* BaseViewController.h */,
				18517C661EEBDDDB00B148C8 /* BaseViewController.m */,
				1871AD0B1EEEF15100ABC452 /* BaseTableViewModel.h */,
				1871AD0C1EEEF15100ABC452 /* BaseTableViewModel.m */,
				18517BF01EEBCB2C00B148C8 /* AppDelegate.h */,
				18517BF11EEBCB2C00B148C8 /* AppDelegate.m */,
				1811B46A1F990550003A5847 /* AppDelegate+NotificationExtension.h */,
				1811B46B1F990550003A5847 /* AppDelegate+NotificationExtension.m */,
			);
			path = Main;
			sourceTree = "<group>";
		};
		18517BF31EEBCB2C00B148C8 /* Other */ = {
			isa = PBXGroup;
			children = (
				18517C601EEBDA1D00B148C8 /* FileDownloader.pch */,
			);
			path = Other;
			sourceTree = "<group>";
		};
		18517BF41EEBCB2C00B148C8 /* Resource */ = {
			isa = PBXGroup;
			children = (
			);
			path = Resource;
			sourceTree = "<group>";
		};
		18517BF61EEBD11300B148C8 /* Files */ = {
			isa = PBXGroup;
			children = (
				18517C4F1EEBD8DC00B148C8 /* View */,
				18517C501EEBD8DC00B148C8 /* ViewModel */,
			);
			path = Files;
			sourceTree = "<group>";
		};
		18517BF71EEBD13400B148C8 /* Downloads */ = {
			isa = PBXGroup;
			children = (
				18DCFC3E1F263D8F00AC21CA /* Utils */,
				18517C4C1EEBD8D400B148C8 /* View */,
				18517C4D1EEBD8D400B148C8 /* ViewModel */,
			);
			path = Downloads;
			sourceTree = "<group>";
		};
		18517BF81EEBD14B00B148C8 /* More */ = {
			isa = PBXGroup;
			children = (
				18517C511EEBD8EE00B148C8 /* Model */,
				18517C521EEBD8EE00B148C8 /* View */,
				18517C531EEBD8EE00B148C8 /* ViewModel */,
			);
			path = More;
			sourceTree = "<group>";
		};
		18517BF91EEBD5FB00B148C8 /* Reuse */ = {
			isa = PBXGroup;
			children = (
				1871AD0E1EEEF74900ABC452 /* Protocol */,
				18517C6F1EEBE08700B148C8 /* NODataPlaceholderView */,
			);
			path = Reuse;
			sourceTree = "<group>";
		};
		18517C141EEBD64800B148C8 /* AFNetworking */ = {
			isa = PBXGroup;
			children = (
				18517C151EEBD64800B148C8 /* AFHTTPSessionManager.h */,
				18517C161EEBD64800B148C8 /* AFHTTPSessionManager.m */,
				18517C171EEBD64800B148C8 /* AFNetworking.h */,
				18517C181EEBD64800B148C8 /* AFNetworkReachabilityManager.h */,
				18517C191EEBD64800B148C8 /* AFNetworkReachabilityManager.m */,
				18517C1A1EEBD64800B148C8 /* AFSecurityPolicy.h */,
				18517C1B1EEBD64800B148C8 /* AFSecurityPolicy.m */,
				18517C1C1EEBD64800B148C8 /* AFURLRequestSerialization.h */,
				18517C1D1EEBD64800B148C8 /* AFURLRequestSerialization.m */,
				18517C1E1EEBD64800B148C8 /* AFURLResponseSerialization.h */,
				18517C1F1EEBD64800B148C8 /* AFURLResponseSerialization.m */,
				18517C201EEBD64800B148C8 /* AFURLSessionManager.h */,
				18517C211EEBD64800B148C8 /* AFURLSessionManager.m */,
			);
			path = AFNetworking;
			sourceTree = "<group>";
		};
		18517C281EEBD66A00B148C8 /* FMDB */ = {
			isa = PBXGroup;
			children = (
				18517C291EEBD66A00B148C8 /* LICENSE.txt */,
				18517C2A1EEBD66A00B148C8 /* README.markdown */,
				18517C2B1EEBD66A00B148C8 /* src */,
			);
			path = FMDB;
			sourceTree = "<group>";
		};
		18517C2B1EEBD66A00B148C8 /* src */ = {
			isa = PBXGroup;
			children = (
				18517C2C1EEBD66A00B148C8 /* fmdb */,
			);
			path = src;
			sourceTree = "<group>";
		};
		18517C2C1EEBD66A00B148C8 /* fmdb */ = {
			isa = PBXGroup;
			children = (
				18517C2D1EEBD66A00B148C8 /* FMDatabase.h */,
				18517C2E1EEBD66A00B148C8 /* FMDatabase.m */,
				18517C2F1EEBD66A00B148C8 /* FMDatabaseAdditions.h */,
				18517C301EEBD66A00B148C8 /* FMDatabaseAdditions.m */,
				18517C311EEBD66A00B148C8 /* FMDatabasePool.h */,
				18517C321EEBD66A00B148C8 /* FMDatabasePool.m */,
				18517C331EEBD66A00B148C8 /* FMDatabaseQueue.h */,
				18517C341EEBD66A00B148C8 /* FMDatabaseQueue.m */,
				18517C351EEBD66A00B148C8 /* FMDB.h */,
				18517C361EEBD66A00B148C8 /* FMResultSet.h */,
				18517C371EEBD66A00B148C8 /* FMResultSet.m */,
			);
			path = fmdb;
			sourceTree = "<group>";
		};
		18517C3F1EEBD67C00B148C8 /* Frameworks */ = {
			isa = PBXGroup;
			children = (
				18517C401EEBD67C00B148C8 /* libsqlite3.0.tbd */,
			);
			name = Frameworks;
			sourceTree = "<group>";
		};
		18517C491EEBD8CB00B148C8 /* View */ = {
			isa = PBXGroup;
			children = (
				18517C541EEBD93800B148C8 /* BrowserViewController.h */,
				18517C551EEBD93800B148C8 /* BrowserViewController.m */,
				1819EFAE1EF2E29300208A20 /* BrowserViewController.xib */,
			);
			path = View;
			sourceTree = "<group>";
		};
		18517C4C1EEBD8D400B148C8 /* View */ = {
			isa = PBXGroup;
			children = (
				18517C5A1EEBD97500B148C8 /* DownloadsViewController.h */,
				18517C5B1EEBD97500B148C8 /* DownloadsViewController.m */,
				18300F821EEC57920035D6EE /* FileDownloadCell.h */,
				18300F831EEC57920035D6EE /* FileDownloadCell.m */,
			);
			path = View;
			sourceTree = "<group>";
		};
		18517C4D1EEBD8D400B148C8 /* ViewModel */ = {
			isa = PBXGroup;
			children = (
				1871ACF31EEEEE8C00ABC452 /* DownloadsTableViewModel.h */,
				1871ACF41EEEEE8C00ABC452 /* DownloadsTableViewModel.m */,
			);
			path = ViewModel;
			sourceTree = "<group>";
		};
		18517C4F1EEBD8DC00B148C8 /* View */ = {
			isa = PBXGroup;
			children = (
				18517C571EEBD95C00B148C8 /* FilesViewController.h */,
				18517C581EEBD95C00B148C8 /* FilesViewController.m */,
			);
			path = View;
			sourceTree = "<group>";
		};
		18517C501EEBD8DC00B148C8 /* ViewModel */ = {
			isa = PBXGroup;
			children = (
				1871ACF01EEEECBE00ABC452 /* FilesTableViewModel.h */,
				1871ACF11EEEECBE00ABC452 /* FilesTableViewModel.m */,
			);
			path = ViewModel;
			sourceTree = "<group>";
		};
		18517C511EEBD8EE00B148C8 /* Model */ = {
			isa = PBXGroup;
			children = (
			);
			path = Model;
			sourceTree = "<group>";
		};
		18517C521EEBD8EE00B148C8 /* View */ = {
			isa = PBXGroup;
			children = (
				18517C5D1EEBD98200B148C8 /* MoreViewController.h */,
				18517C5E1EEBD98200B148C8 /* MoreViewController.m */,
			);
			path = View;
			sourceTree = "<group>";
		};
		18517C531EEBD8EE00B148C8 /* ViewModel */ = {
			isa = PBXGroup;
			children = (
			);
			path = ViewModel;
			sourceTree = "<group>";
		};
		18517C611EEBDB3600B148C8 /* Category */ = {
			isa = PBXGroup;
			children = (
				18878B201EF19EAC005C0185 /* UIApplication+ActivityIndicator.h */,
				18878B211EF19EAC005C0185 /* UIApplication+ActivityIndicator.m */,
				18878B221EF19EAC005C0185 /* UIColor+Hex.h */,
				18878B231EF19EAC005C0185 /* UIColor+Hex.m */,
				18878B241EF19EAC005C0185 /* UINavigationItem+MultipleItems.h */,
				18878B251EF19EAC005C0185 /* UINavigationItem+MultipleItems.m */,
				18878A791EF030AF005C0185 /* UIButton+ClickBlock.h */,
				18878A7A1EF030AF005C0185 /* UIButton+ClickBlock.m */,
				18517C621EEBDB3E00B148C8 /* UIImage+XYImage.h */,
				18517C631EEBDB3E00B148C8 /* UIImage+XYImage.m */,
				1871ACD81EEEE2D900ABC452 /* NSString+FileDownloadsExtend.h */,
				1871ACD91EEEE2D900ABC452 /* NSString+FileDownloadsExtend.m */,
				1871ACDB1EEEE55700ABC452 /* NSDate+Utilities.h */,
				1871ACDC1EEEE55700ABC452 /* NSDate+Utilities.m */,
				18878A7F1EF035DF005C0185 /* UIView+Extend.h */,
				18878A801EF035DF005C0185 /* UIView+Extend.m */,
				1819EFB31EF2E3FE00208A20 /* UITextField+Blocks.h */,
				1819EFB41EF2E3FE00208A20 /* UITextField+Blocks.m */,
			);
			path = Category;
			sourceTree = "<group>";
		};
		18517C6F1EEBE08700B148C8 /* NODataPlaceholderView */ = {
			isa = PBXGroup;
			children = (
				18517C701EEBE08700B148C8 /* UIScrollView+NoDataPlaceholder.h */,
				18517C711EEBE08700B148C8 /* UIScrollView+NoDataPlaceholder.m */,
				18517C721EEBE08700B148C8 /* UITableView+NoDataPlaceholderExtend.h */,
				18517C731EEBE08700B148C8 /* UITableView+NoDataPlaceholderExtend.m */,
			);
			path = NODataPlaceholderView;
			sourceTree = "<group>";
		};
		1871AD0E1EEEF74900ABC452 /* Protocol */ = {
			isa = PBXGroup;
			children = (
				1871AD0F1EEEF76E00ABC452 /* NSObject+XYProperties.h */,
				1871AD101EEEF76E00ABC452 /* NSObject+XYProperties.m */,
				1871AD111EEEF76E00ABC452 /* NSObject+XYRequest.h */,
				1871AD121EEEF76E00ABC452 /* NSObject+XYRequest.m */,
				1871AD131EEEF76E00ABC452 /* UICollectionViewCell+XYConfigure.h */,
				1871AD141EEEF76E00ABC452 /* UICollectionViewCell+XYConfigure.m */,
				1871AD151EEEF76E00ABC452 /* UITableViewCell+XYConfigure.h */,
				1871AD161EEEF76E00ABC452 /* UITableViewCell+XYConfigure.m */,
				1871AD171EEEF76E00ABC452 /* UIView+XYConfigure.h */,
				1871AD181EEEF76E00ABC452 /* UIView+XYConfigure.m */,
				1871AD191EEEF76E00ABC452 /* XYCollectionViewModelProtocol.h */,
				1871AD1A1EEEF76E00ABC452 /* XYDBUtil.h */,
				1871AD1B1EEEF76E00ABC452 /* XYDBUtil.m */,
				1871AD1C1EEEF76E00ABC452 /* XYNetworkRequest.h */,
				1871AD1D1EEEF76E00ABC452 /* XYNetworkRequest.m */,
				1871AD1E1EEEF76E00ABC452 /* XYRequestProtocol.h */,
				1871AD1F1EEEF76E00ABC452 /* XYTableViewModelProtocol.h */,
				1871AD201EEEF76E00ABC452 /* XYViewModelProtocol.h */,
			);
			path = Protocol;
			sourceTree = "<group>";
		};
		18878A1D1EF01B87005C0185 /* ImageViewer */ = {
			isa = PBXGroup;
			children = (
				18878A1E1EF01B87005C0185 /* XYImageBrowerView.h */,
				18878A1F1EF01B87005C0185 /* XYImageBrowerView.m */,
				18878A201EF01B87005C0185 /* XYImageViewer.h */,
				18878A211EF01B87005C0185 /* XYImageViewer.m */,
			);
			path = ImageViewer;
			sourceTree = "<group>";
		};
		18878A241EF022B6005C0185 /* SDWebImage */ = {
			isa = PBXGroup;
			children = (
				18878A251EF022B6005C0185 /* LICENSE */,
				18878A261EF022B6005C0185 /* README.md */,
				18878A271EF022B6005C0185 /* SDWebImage */,
			);
			path = SDWebImage;
			sourceTree = "<group>";
		};
		18878A271EF022B6005C0185 /* SDWebImage */ = {
			isa = PBXGroup;
			children = (
				18878A281EF022B6005C0185 /* NSData+ImageContentType.h */,
				18878A291EF022B6005C0185 /* NSData+ImageContentType.m */,
				18878A2A1EF022B6005C0185 /* SDImageCache.h */,
				18878A2B1EF022B6005C0185 /* SDImageCache.m */,
				18878A2C1EF022B6005C0185 /* SDWebImageCompat.h */,
				18878A2D1EF022B6005C0185 /* SDWebImageCompat.m */,
				18878A2E1EF022B6005C0185 /* SDWebImageDecoder.h */,
				18878A2F1EF022B6005C0185 /* SDWebImageDecoder.m */,
				18878A301EF022B6005C0185 /* SDWebImageDownloader.h */,
				18878A311EF022B6005C0185 /* SDWebImageDownloader.m */,
				18878A321EF022B6005C0185 /* SDWebImageDownloaderOperation.h */,
				18878A331EF022B6005C0185 /* SDWebImageDownloaderOperation.m */,
				18878A341EF022B6005C0185 /* SDWebImageManager.h */,
				18878A351EF022B6005C0185 /* SDWebImageManager.m */,
				18878A361EF022B6005C0185 /* SDWebImageOperation.h */,
				18878A371EF022B6005C0185 /* SDWebImagePrefetcher.h */,
				18878A381EF022B6005C0185 /* SDWebImagePrefetcher.m */,
				18878A391EF022B6005C0185 /* UIButton+WebCache.h */,
				18878A3A1EF022B6005C0185 /* UIButton+WebCache.m */,
				18878A3B1EF022B6005C0185 /* UIImage+GIF.h */,
				18878A3C1EF022B6005C0185 /* UIImage+GIF.m */,
				18878A3D1EF022B6005C0185 /* UIImage+MultiFormat.h */,
				18878A3E1EF022B6005C0185 /* UIImage+MultiFormat.m */,
				18878A3F1EF022B6005C0185 /* UIImageView+HighlightedWebCache.h */,
				18878A401EF022B6005C0185 /* UIImageView+HighlightedWebCache.m */,
				18878A411EF022B6005C0185 /* UIImageView+WebCache.h */,
				18878A421EF022B6005C0185 /* UIImageView+WebCache.m */,
				18878A431EF022B6005C0185 /* UIView+WebCacheOperation.h */,
				18878A441EF022B6005C0185 /* UIView+WebCacheOperation.m */,
			);
			path = SDWebImage;
			sourceTree = "<group>";
		};
		18878A821EF03907005C0185 /* VideoCut */ = {
			isa = PBXGroup;
			children = (
				18878A831EF03907005C0185 /* Cut */,
				18878A8C1EF03907005C0185 /* Source */,
			);
			path = VideoCut;
			sourceTree = "<group>";
		};
		18878A831EF03907005C0185 /* Cut */ = {
			isa = PBXGroup;
			children = (
				18878A841EF03907005C0185 /* XYCutVideoController.h */,
				18878A851EF03907005C0185 /* XYCutVideoController.m */,
				18878A861EF03907005C0185 /* XYCutVideoView.h */,
				18878A871EF03907005C0185 /* XYCutVideoView.m */,
				18878A881EF03907005C0185 /* XYMenuView.h */,
				18878A891EF03907005C0185 /* XYMenuView.m */,
				18878A8A1EF03907005C0185 /* XYVideoPlayerView.h */,
				18878A8B1EF03907005C0185 /* XYVideoPlayerView.m */,
			);
			path = Cut;
			sourceTree = "<group>";
		};
		18878A8C1EF03907005C0185 /* Source */ = {
			isa = PBXGroup;
			children = (
				18878A8D1EF03907005C0185 /* ICGRulerView.h */,
				18878A8E1EF03907005C0185 /* ICGRulerView.m */,
				18878A8F1EF03907005C0185 /* ICGThumbView.h */,
				18878A901EF03907005C0185 /* ICGThumbView.m */,
				18878A911EF03908005C0185 /* ICGVideoTrimmer.h */,
				18878A921EF03908005C0185 /* ICGVideoTrimmerView.h */,
				18878A931EF03908005C0185 /* ICGVideoTrimmerView.m */,
			);
			path = Source;
			sourceTree = "<group>";
		};
		18DCFC3E1F263D8F00AC21CA /* Utils */ = {
			isa = PBXGroup;
			children = (
				18DCFC3F1F263D8F00AC21CA /* FileDownloaderDelegate.h */,
				18DCFC401F263D8F00AC21CA /* FileDownloaderDelegate.m */,
				18DCFC411F263D8F00AC21CA /* FileDownloaderManager.h */,
				18DCFC421F263D8F00AC21CA /* FileDownloaderManager.m */,
				1811B4671F98D7FB003A5847 /* FileItem.h */,
				1811B4681F98D7FB003A5847 /* FileItem.m */,
			);
			path = Utils;
			sourceTree = "<group>";
		};
/* End PBXGroup section */

/* Begin PBXNativeTarget section */
		18517BC21EEBC86600B148C8 /* FileDownloader */ = {
			isa = PBXNativeTarget;
			buildConfigurationList = 18517BDA1EEBC86600B148C8 /* Build configuration list for PBXNativeTarget "FileDownloader" */;
			buildPhases = (
				18517BBF1EEBC86600B148C8 /* Sources */,
				18517BC01EEBC86600B148C8 /* Frameworks */,
				18517BC11EEBC86600B148C8 /* Resources */,
			);
			buildRules = (
			);
			dependencies = (
			);
			name = FileDownloader;
			productName = FileDownloader;
			productReference = 18517BC31EEBC86600B148C8 /* FileDownloader.app */;
			productType = "com.apple.product-type.application";
		};
/* End PBXNativeTarget section */

/* Begin PBXProject section */
		18517BBB1EEBC86600B148C8 /* Project object */ = {
			isa = PBXProject;
			attributes = {
				LastUpgradeCheck = 0830;
				ORGANIZATIONNAME = Ossey;
				TargetAttributes = {
					18517BC21EEBC86600B148C8 = {
						CreatedOnToolsVersion = 8.3.1;
						DevelopmentTeam = NKW67GFDHM;
						ProvisioningStyle = Automatic;
						SystemCapabilities = {
							com.apple.BackgroundModes = {
								enabled = 1;
							};
						};
					};
				};
			};
			buildConfigurationList = 18517BBE1EEBC86600B148C8 /* Build configuration list for PBXProject "FileDownloader" */;
			compatibilityVersion = "Xcode 3.2";
			developmentRegion = English;
			hasScannedForEncodings = 0;
			knownRegions = (
				en,
				Base,
			);
			mainGroup = 18517BBA1EEBC86600B148C8;
			productRefGroup = 18517BC41EEBC86600B148C8 /* Products */;
			projectDirPath = "";
			projectRoot = "";
			targets = (
				18517BC21EEBC86600B148C8 /* FileDownloader */,
			);
		};
/* End PBXProject section */

/* Begin PBXResourcesBuildPhase section */
		18517BC11EEBC86600B148C8 /* Resources */ = {
			isa = PBXResourcesBuildPhase;
			buildActionMask = 2147483647;
			files = (
				18517C381EEBD66A00B148C8 /* LICENSE.txt in Resources */,
				18517BD61EEBC86600B148C8 /* LaunchScreen.storyboard in Resources */,
				18878A451EF022B6005C0185 /* LICENSE in Resources */,
				18517BD31EEBC86600B148C8 /* Assets.xcassets in Resources */,
				1819EFAF1EF2E29300208A20 /* BrowserViewController.xib in Resources */,
			);
			runOnlyForDeploymentPostprocessing = 0;
		};
/* End PBXResourcesBuildPhase section */

/* Begin PBXSourcesBuildPhase section */
		18517BBF1EEBC86600B148C8 /* Sources */ = {
			isa = PBXSourcesBuildPhase;
			buildActionMask = 2147483647;
			files = (
				18878A4D1EF022B6005C0185 /* SDWebImageManager.m in Sources */,
				18878A4E1EF022B6005C0185 /* SDWebImagePrefetcher.m in Sources */,
				18300FCA1EED38820035D6EE /* FFCircularProgressView.m in Sources */,
				18517C271EEBD64800B148C8 /* AFURLSessionManager.m in Sources */,
				18300FAE1EECE79F0035D6EE /* NSLayoutConstraint+MASDebugAdditions.m in Sources */,
				1811B4691F98D7FB003A5847 /* FileItem.m in Sources */,
				18878A471EF022B6005C0185 /* NSData+ImageContentType.m in Sources */,
				18878A461EF022B6005C0185 /* README.md in Sources */,
				18517C641EEBDB3E00B148C8 /* UIImage+XYImage.m in Sources */,
				18878A981EF03908005C0185 /* ICGRulerView.m in Sources */,
				1813E7B01F9B6E74002C661E /* UINavigationController+OSProgressBar.m in Sources */,
				18517C3C1EEBD66A00B148C8 /* FMDatabasePool.m in Sources */,
				18300FAB1EECE79F0035D6EE /* MASViewAttribute.m in Sources */,
				18878A971EF03908005C0185 /* XYVideoPlayerView.m in Sources */,
				180CBDDC1F11269E006D2871 /* ExceptionUtils.m in Sources */,
				1871AD241EEEF76E00ABC452 /* UITableViewCell+XYConfigure.m in Sources */,
				18300FAF1EECE79F0035D6EE /* View+MASAdditions.m in Sources */,
				1819EFB51EF2E3FE00208A20 /* UITextField+Blocks.m in Sources */,
				18878B271EF19EAC005C0185 /* UIColor+Hex.m in Sources */,
				18517C671EEBDDDB00B148C8 /* BaseViewController.m in Sources */,
				18300FAA1EECE79F0035D6EE /* MASLayoutConstraint.m in Sources */,
				18517C741EEBE08700B148C8 /* UIScrollView+NoDataPlaceholder.m in Sources */,
				18517C5F1EEBD98200B148C8 /* MoreViewController.m in Sources */,
				18878A511EF022B6005C0185 /* UIImage+MultiFormat.m in Sources */,
				18300FA91EECE79F0035D6EE /* MASConstraintMaker.m in Sources */,
				18878A501EF022B6005C0185 /* UIImage+GIF.m in Sources */,
				18878A4A1EF022B6005C0185 /* SDWebImageDecoder.m in Sources */,
				1871ACF51EEEEE8C00ABC452 /* DownloadsTableViewModel.m in Sources */,
				18878A491EF022B6005C0185 /* SDWebImageCompat.m in Sources */,
				18878A231EF01B87005C0185 /* XYImageViewer.m in Sources */,
				18878A541EF022B6005C0185 /* UIView+WebCacheOperation.m in Sources */,
				18878A7B1EF030AF005C0185 /* UIButton+ClickBlock.m in Sources */,
				18300FCB1EED38820035D6EE /* UIColor+iOS7.m in Sources */,
				18878A991EF03908005C0185 /* ICGThumbView.m in Sources */,
				1871AD211EEEF76E00ABC452 /* NSObject+XYProperties.m in Sources */,
				18300FA81EECE79F0035D6EE /* MASConstraint.m in Sources */,
				18300FA71EECE79F0035D6EE /* MASCompositeConstraint.m in Sources */,
				18300FAC1EECE79F0035D6EE /* MASViewConstraint.m in Sources */,
				18517C561EEBD93800B148C8 /* BrowserViewController.m in Sources */,
				18517C3D1EEBD66A00B148C8 /* FMDatabaseQueue.m in Sources */,
				18878A951EF03908005C0185 /* XYCutVideoView.m in Sources */,
				18878A531EF022B6005C0185 /* UIImageView+WebCache.m in Sources */,
				18517C3A1EEBD66A00B148C8 /* FMDatabase.m in Sources */,
				18517C3B1EEBD66A00B148C8 /* FMDatabaseAdditions.m in Sources */,
				18517C461EEBD81D00B148C8 /* MainNavigationController.m in Sources */,
				18517C751EEBE08700B148C8 /* UITableView+NoDataPlaceholderExtend.m in Sources */,
				1871AD231EEEF76E00ABC452 /* UICollectionViewCell+XYConfigure.m in Sources */,
				1871AD261EEEF76E00ABC452 /* XYDBUtil.m in Sources */,
				18DCFC461F263D8F00AC21CA /* FileDownloaderManager.m in Sources */,
				18878B261EF19EAC005C0185 /* UIApplication+ActivityIndicator.m in Sources */,
				1871ACF21EEEECBE00ABC452 /* FilesTableViewModel.m in Sources */,
				1813E7A71F9B6ACF002C661E /* FileDownloader.m in Sources */,
				1871AD0D1EEEF15100ABC452 /* BaseTableViewModel.m in Sources */,
				1871ACDD1EEEE55700ABC452 /* NSDate+Utilities.m in Sources */,
				18910A6C1F0D3472002BA292 /* PSPDFUIKitMainThreadGuard.m in Sources */,
				18517C471EEBD81D00B148C8 /* MainTabBarController.m in Sources */,
				1871AD251EEEF76E00ABC452 /* UIView+XYConfigure.m in Sources */,
				18517C3E1EEBD66A00B148C8 /* FMResultSet.m in Sources */,
				1871AD271EEEF76E00ABC452 /* XYNetworkRequest.m in Sources */,
				18878A4C1EF022B6005C0185 /* SDWebImageDownloaderOperation.m in Sources */,
				18878A9A1EF03908005C0185 /* ICGVideoTrimmerView.m in Sources */,
				18300F851EEC57920035D6EE /* FileDownloadCell.m in Sources */,
				18517C591EEBD95C00B148C8 /* FilesViewController.m in Sources */,
				1813E7A91F9B6ACF002C661E /* FileDownloadProgress.m in Sources */,
				1871AD221EEEF76E00ABC452 /* NSObject+XYRequest.m in Sources */,
				18878A521EF022B6005C0185 /* UIImageView+HighlightedWebCache.m in Sources */,
				1813E7AF1F9B6E74002C661E /* OSProgressView.m in Sources */,
				18878A4F1EF022B6005C0185 /* UIButton+WebCache.m in Sources */,
				1813E7A61F9B6ACF002C661E /* FileDownloadConst.m in Sources */,
				18878B281EF19EAC005C0185 /* UINavigationItem+MultipleItems.m in Sources */,
				18300F7D1EEC57280035D6EE /* MBProgressHUD.m in Sources */,
				18878A961EF03908005C0185 /* XYMenuView.m in Sources */,
				18878A811EF035DF005C0185 /* UIView+Extend.m in Sources */,
				18300FB01EECE79F0035D6EE /* ViewController+MASAdditions.m in Sources */,
				18878A4B1EF022B6005C0185 /* SDWebImageDownloader.m in Sources */,
				18878A221EF01B87005C0185 /* XYImageBrowerView.m in Sources */,
				18517C241EEBD64800B148C8 /* AFSecurityPolicy.m in Sources */,
				18300F811EEC57280035D6EE /* NetworkTypeUtils.m in Sources */,
				18300F7E1EEC57280035D6EE /* NSObject+XYHUD.m in Sources */,
				18517C251EEBD64800B148C8 /* AFURLRequestSerialization.m in Sources */,
				18517BF51EEBCB2C00B148C8 /* AppDelegate.m in Sources */,
				18517C221EEBD64800B148C8 /* AFHTTPSessionManager.m in Sources */,
				18517C5C1EEBD97500B148C8 /* DownloadsViewController.m in Sources */,
				18517C231EEBD64800B148C8 /* AFNetworkReachabilityManager.m in Sources */,
				180CBDE01F1126E0006D2871 /* SuspensionControl.m in Sources */,
				18878A481EF022B6005C0185 /* SDImageCache.m in Sources */,
				18300F7F1EEC57280035D6EE /* UIViewController+XYHUD.m in Sources */,
				1811B46C1F990550003A5847 /* AppDelegate+NotificationExtension.m in Sources */,
				18300FAD1EECE79F0035D6EE /* NSArray+MASAdditions.m in Sources */,
				18517C261EEBD64800B148C8 /* AFURLResponseSerialization.m in Sources */,
				18517C391EEBD66A00B148C8 /* README.markdown in Sources */,
				1813E7A81F9B6ACF002C661E /* FileDownloaderSessionPrivateDelegate.m in Sources */,
				18DCFC451F263D8F00AC21CA /* FileDownloaderDelegate.m in Sources */,
				1871ACDA1EEEE2D900ABC452 /* NSString+FileDownloadsExtend.m in Sources */,
				18878A941EF03908005C0185 /* XYCutVideoController.m in Sources */,
				18517BC81EEBC86600B148C8 /* main.m in Sources */,
			);
			runOnlyForDeploymentPostprocessing = 0;
		};
/* End PBXSourcesBuildPhase section */

/* Begin PBXVariantGroup section */
		18517BD41EEBC86600B148C8 /* LaunchScreen.storyboard */ = {
			isa = PBXVariantGroup;
			children = (
				18517BD51EEBC86600B148C8 /* Base */,
			);
			name = LaunchScreen.storyboard;
			sourceTree = "<group>";
		};
/* End PBXVariantGroup section */

/* Begin XCBuildConfiguration section */
		18517BD81EEBC86600B148C8 /* Debug */ = {
			isa = XCBuildConfiguration;
			buildSettings = {
				ALWAYS_SEARCH_USER_PATHS = NO;
				CLANG_ANALYZER_NONNULL = YES;
				CLANG_ANALYZER_NUMBER_OBJECT_CONVERSION = YES_AGGRESSIVE;
				CLANG_CXX_LANGUAGE_STANDARD = "gnu++0x";
				CLANG_CXX_LIBRARY = "libc++";
				CLANG_ENABLE_MODULES = YES;
				CLANG_ENABLE_OBJC_ARC = YES;
				CLANG_WARN_BOOL_CONVERSION = YES;
				CLANG_WARN_CONSTANT_CONVERSION = YES;
				CLANG_WARN_DIRECT_OBJC_ISA_USAGE = YES_ERROR;
				CLANG_WARN_DOCUMENTATION_COMMENTS = YES;
				CLANG_WARN_EMPTY_BODY = YES;
				CLANG_WARN_ENUM_CONVERSION = YES;
				CLANG_WARN_INFINITE_RECURSION = YES;
				CLANG_WARN_INT_CONVERSION = YES;
				CLANG_WARN_OBJC_ROOT_CLASS = YES_ERROR;
				CLANG_WARN_SUSPICIOUS_MOVE = YES;
				CLANG_WARN_UNREACHABLE_CODE = YES;
				CLANG_WARN__DUPLICATE_METHOD_MATCH = YES;
				"CODE_SIGN_IDENTITY[sdk=iphoneos*]" = "iPhone Developer";
				COPY_PHASE_STRIP = NO;
				DEBUG_INFORMATION_FORMAT = dwarf;
				ENABLE_STRICT_OBJC_MSGSEND = YES;
				ENABLE_TESTABILITY = YES;
				GCC_C_LANGUAGE_STANDARD = gnu99;
				GCC_DYNAMIC_NO_PIC = NO;
				GCC_NO_COMMON_BLOCKS = YES;
				GCC_OPTIMIZATION_LEVEL = 0;
				GCC_PREPROCESSOR_DEFINITIONS = (
					"DEBUG=1",
					"$(inherited)",
				);
				GCC_WARN_64_TO_32_BIT_CONVERSION = YES;
				GCC_WARN_ABOUT_RETURN_TYPE = YES_ERROR;
				GCC_WARN_UNDECLARED_SELECTOR = YES;
				GCC_WARN_UNINITIALIZED_AUTOS = YES_AGGRESSIVE;
				GCC_WARN_UNUSED_FUNCTION = YES;
				GCC_WARN_UNUSED_VARIABLE = YES;
				IPHONEOS_DEPLOYMENT_TARGET = 10.3;
				MTL_ENABLE_DEBUG_INFO = YES;
				ONLY_ACTIVE_ARCH = YES;
				SDKROOT = iphoneos;
			};
			name = Debug;
		};
		18517BD91EEBC86600B148C8 /* Release */ = {
			isa = XCBuildConfiguration;
			buildSettings = {
				ALWAYS_SEARCH_USER_PATHS = NO;
				CLANG_ANALYZER_NONNULL = YES;
				CLANG_ANALYZER_NUMBER_OBJECT_CONVERSION = YES_AGGRESSIVE;
				CLANG_CXX_LANGUAGE_STANDARD = "gnu++0x";
				CLANG_CXX_LIBRARY = "libc++";
				CLANG_ENABLE_MODULES = YES;
				CLANG_ENABLE_OBJC_ARC = YES;
				CLANG_WARN_BOOL_CONVERSION = YES;
				CLANG_WARN_CONSTANT_CONVERSION = YES;
				CLANG_WARN_DIRECT_OBJC_ISA_USAGE = YES_ERROR;
				CLANG_WARN_DOCUMENTATION_COMMENTS = YES;
				CLANG_WARN_EMPTY_BODY = YES;
				CLANG_WARN_ENUM_CONVERSION = YES;
				CLANG_WARN_INFINITE_RECURSION = YES;
				CLANG_WARN_INT_CONVERSION = YES;
				CLANG_WARN_OBJC_ROOT_CLASS = YES_ERROR;
				CLANG_WARN_SUSPICIOUS_MOVE = YES;
				CLANG_WARN_UNREACHABLE_CODE = YES;
				CLANG_WARN__DUPLICATE_METHOD_MATCH = YES;
				"CODE_SIGN_IDENTITY[sdk=iphoneos*]" = "iPhone Developer";
				COPY_PHASE_STRIP = NO;
				DEBUG_INFORMATION_FORMAT = "dwarf-with-dsym";
				ENABLE_NS_ASSERTIONS = NO;
				ENABLE_STRICT_OBJC_MSGSEND = YES;
				GCC_C_LANGUAGE_STANDARD = gnu99;
				GCC_NO_COMMON_BLOCKS = YES;
				GCC_WARN_64_TO_32_BIT_CONVERSION = YES;
				GCC_WARN_ABOUT_RETURN_TYPE = YES_ERROR;
				GCC_WARN_UNDECLARED_SELECTOR = YES;
				GCC_WARN_UNINITIALIZED_AUTOS = YES_AGGRESSIVE;
				GCC_WARN_UNUSED_FUNCTION = YES;
				GCC_WARN_UNUSED_VARIABLE = YES;
				IPHONEOS_DEPLOYMENT_TARGET = 10.3;
				MTL_ENABLE_DEBUG_INFO = NO;
				SDKROOT = iphoneos;
				VALIDATE_PRODUCT = YES;
			};
			name = Release;
		};
		18517BDB1EEBC86600B148C8 /* Debug */ = {
			isa = XCBuildConfiguration;
			buildSettings = {
				ASSETCATALOG_COMPILER_APPICON_NAME = AppIcon;
				DEVELOPMENT_TEAM = NKW67GFDHM;
				GCC_PRECOMPILE_PREFIX_HEADER = YES;
				GCC_PREFIX_HEADER = FileDownloader/Other/FileDownloader.pch;
				INFOPLIST_FILE = FileDownloader/Info.plist;
				IPHONEOS_DEPLOYMENT_TARGET = 8.0;
				LD_RUNPATH_SEARCH_PATHS = "$(inherited) @executable_path/Frameworks";
				PRODUCT_BUNDLE_IDENTIFIER = com.sey.FileDownloader;
				PRODUCT_NAME = "$(TARGET_NAME)";
				TARGETED_DEVICE_FAMILY = "1,2";
			};
			name = Debug;
		};
		18517BDC1EEBC86600B148C8 /* Release */ = {
			isa = XCBuildConfiguration;
			buildSettings = {
				ASSETCATALOG_COMPILER_APPICON_NAME = AppIcon;
				DEVELOPMENT_TEAM = NKW67GFDHM;
				GCC_PRECOMPILE_PREFIX_HEADER = YES;
				GCC_PREFIX_HEADER = FileDownloader/Other/FileDownloader.pch;
				INFOPLIST_FILE = FileDownloader/Info.plist;
				IPHONEOS_DEPLOYMENT_TARGET = 8.0;
				LD_RUNPATH_SEARCH_PATHS = "$(inherited) @executable_path/Frameworks";
				PRODUCT_BUNDLE_IDENTIFIER = com.sey.FileDownloader;
				PRODUCT_NAME = "$(TARGET_NAME)";
				TARGETED_DEVICE_FAMILY = "1,2";
			};
			name = Release;
		};
/* End XCBuildConfiguration section */

/* Begin XCConfigurationList section */
		18517BBE1EEBC86600B148C8 /* Build configuration list for PBXProject "FileDownloader" */ = {
			isa = XCConfigurationList;
			buildConfigurations = (
				18517BD81EEBC86600B148C8 /* Debug */,
				18517BD91EEBC86600B148C8 /* Release */,
			);
			defaultConfigurationIsVisible = 0;
			defaultConfigurationName = Release;
		};
		18517BDA1EEBC86600B148C8 /* Build configuration list for PBXNativeTarget "FileDownloader" */ = {
			isa = XCConfigurationList;
			buildConfigurations = (
				18517BDB1EEBC86600B148C8 /* Debug */,
				18517BDC1EEBC86600B148C8 /* Release */,
			);
			defaultConfigurationIsVisible = 0;
			defaultConfigurationName = Release;
		};
/* End XCConfigurationList section */
	};
	rootObject = 18517BBB1EEBC86600B148C8 /* Project object */;
}
